PODS:
  - Alamofire (4.5.1)
  - RxBlocking (4.0.0):
    - RxSwift (~> 4.0)
  - RxCocoa (4.0.0):
    - RxSwift (~> 4.0)
  - RxSwift (4.0.0)
  - Shake (3.1.6)
  - SnapKit (4.0.0)

DEPENDENCIES:
  - Alamofire
  - RxBlocking
  - RxCocoa
  - RxSwift
  - Shake (from `/Users/kristijandelivuk/shake-ios`)
  - SnapKit

SPEC REPOS:
  https://github.com/cocoapods/specs.git:
    - Alamofire
    - RxBlocking
    - RxCocoa
    - RxSwift
    - SnapKit

EXTERNAL SOURCES:
  Shake:
    :path: "/Users/kristijandelivuk/shake-ios"

SPEC CHECKSUMS:
  Alamofire: 2d95912bf4c34f164fdfc335872e8c312acaea4a
  RxBlocking: 923c2c8106d80d7c2d6b276afd66ce3b10824836
  RxCocoa: d62846ca96495d862fa4c59ea7d87e5031d7340e
  RxSwift: fd680d75283beb5e2559486f3c0ff852f0d35334
  Shake: 13c7a2245e03a2a3cde0fa83bf921e8b59bc18c0
  SnapKit: a42d492c16e80209130a3379f73596c3454b7694

PODFILE CHECKSUM: a0b202e397c263245a3d3b0080b0b04f28f95003

COCOAPODS: 1.7.5
