// !$*UTF8*$!
{
	archiveVersion = 1;
	classes = {
	};
	objectVersion = 48;
	objects = {

/* Begin PBXBuildFile section */
		3C6A8AFA75F402FC7BB66D1F /* Pods_CryptocurrencyNews_APITests.framework in Frameworks */ = {isa = PBXBuildFile; fileRef = 008FEE54BA85E95153740614 /* Pods_CryptocurrencyNews_APITests.framework */; };
		4804C019E87C00FFFAAE5F1E /* Pods_CryptocurrencyNews_API.framework in Frameworks */ = {isa = PBXBuildFile; fileRef = A587A376D2C62EA2449770AB /* Pods_CryptocurrencyNews_API.framework */; };
		650120E31F9DCA1200537214 /* AppDelegate.swift in Sources */ = {isa = PBXBuildFile; fileRef = 650120E21F9DCA1200537214 /* AppDelegate.swift */; };
		650120EA1F9DCA1200537214 /* Assets.xcassets in Resources */ = {isa = PBXBuildFile; fileRef = 650120E91F9DCA1200537214 /* Assets.xcassets */; };
		650120ED1F9DCA1200537214 /* LaunchScreen.storyboard in Resources */ = {isa = PBXBuildFile; fileRef = 650120EB1F9DCA1200537214 /* LaunchScreen.storyboard */; };
		650A5BE41FA91A030091A98C /* Defines.h in Headers */ = {isa = PBXBuildFile; fileRef = 650A5BE21FA91A030091A98C /* Defines.h */; settings = {ATTRIBUTES = (Public, ); }; };
		650A5BE71FA91A030091A98C /* Defines.framework in Frameworks */ = {isa = PBXBuildFile; fileRef = 650A5BE01FA91A030091A98C /* Defines.framework */; };
		650A5BE81FA91A030091A98C /* Defines.framework in Embed Frameworks */ = {isa = PBXBuildFile; fileRef = 650A5BE01FA91A030091A98C /* Defines.framework */; settings = {ATTRIBUTES = (CodeSignOnCopy, RemoveHeadersOnCopy, ); }; };
		650A5BEE1FA91A230091A98C /* FiatCurrency.swift in Sources */ = {isa = PBXBuildFile; fileRef = 650A5BED1FA91A230091A98C /* FiatCurrency.swift */; };
		6512ECE41FB0FCCB00517453 /* CryptocurrencyTests.swift in Sources */ = {isa = PBXBuildFile; fileRef = 6512ECE31FB0FCCB00517453 /* CryptocurrencyTests.swift */; };
		652B2E671FA277A300E6CE28 /* TableViewEmptyStateView.swift in Sources */ = {isa = PBXBuildFile; fileRef = 652B2E661FA277A300E6CE28 /* TableViewEmptyStateView.swift */; };
		653680121FAC616B005BEC27 /* InternetConnectionManager.swift in Sources */ = {isa = PBXBuildFile; fileRef = 653680111FAC616B005BEC27 /* InternetConnectionManager.swift */; };
		654A7AD91F9DDD4E00F27A1D /* InformationVC.storyboard in Resources */ = {isa = PBXBuildFile; fileRef = 654A7AD81F9DDD4E00F27A1D /* InformationVC.storyboard */; };
		654A7ADD1F9E00D500F27A1D /* StoryboardComplatible.swift in Sources */ = {isa = PBXBuildFile; fileRef = 654A7ADC1F9E00D500F27A1D /* StoryboardComplatible.swift */; };
		654A7AE01F9E05EF00F27A1D /* NewsCell.swift in Sources */ = {isa = PBXBuildFile; fileRef = 654A7ADF1F9E05EF00F27A1D /* NewsCell.swift */; };
		654A7AE21F9E05FA00F27A1D /* NewsCell.xib in Resources */ = {isa = PBXBuildFile; fileRef = 654A7AE11F9E05FA00F27A1D /* NewsCell.xib */; };
		6551C7AA1FA87C9100978C13 /* Fonts.swift in Sources */ = {isa = PBXBuildFile; fileRef = 6551C7A91FA87C9100978C13 /* Fonts.swift */; };
		6551C7AC1FA8803F00978C13 /* MainTabBarController.swift in Sources */ = {isa = PBXBuildFile; fileRef = 6551C7AB1FA8803F00978C13 /* MainTabBarController.swift */; };
		6551C7AE1FA8A14500978C13 /* UINavigationBar+Extension.swift in Sources */ = {isa = PBXBuildFile; fileRef = 6551C7AD1FA8A14500978C13 /* UINavigationBar+Extension.swift */; };
		6551C7D11FB107640078247C /* InformationVMTests.swift in Sources */ = {isa = PBXBuildFile; fileRef = 6551C7D01FB107640078247C /* InformationVMTests.swift */; };
		6557F4411FA733070051E382 /* CryptocurrencyManager.swift in Sources */ = {isa = PBXBuildFile; fileRef = 6557F4401FA733070051E382 /* CryptocurrencyManager.swift */; };
		655A751D1F9DDAF70011C2BE /* InformationVC.swift in Sources */ = {isa = PBXBuildFile; fileRef = 655A751C1F9DDAF70011C2BE /* InformationVC.swift */; };
		655A751F1F9DDB170011C2BE /* InformationVM.swift in Sources */ = {isa = PBXBuildFile; fileRef = 655A751E1F9DDB170011C2BE /* InformationVM.swift */; };
		655A75211F9DDB2C0011C2BE /* InformationVMProtocol.swift in Sources */ = {isa = PBXBuildFile; fileRef = 655A75201F9DDB2C0011C2BE /* InformationVMProtocol.swift */; };
		655A75231F9DDB3E0011C2BE /* InformationView.swift in Sources */ = {isa = PBXBuildFile; fileRef = 655A75221F9DDB3E0011C2BE /* InformationView.swift */; };
		6562A3241FB0FB5500FE666F /* ConnectorTests.swift in Sources */ = {isa = PBXBuildFile; fileRef = 6562A3231FB0FB5500FE666F /* ConnectorTests.swift */; };
		657142411FB1030C00B6A1F4 /* NewsVMTests.swift in Sources */ = {isa = PBXBuildFile; fileRef = 657142401FB1030C00B6A1F4 /* NewsVMTests.swift */; };
		6584D8051FA1C73E00FA0E46 /* UISearchBar+Extension.swift in Sources */ = {isa = PBXBuildFile; fileRef = 6584D8041FA1C73E00FA0E46 /* UISearchBar+Extension.swift */; };
		6584D8071FA1C7DA00FA0E46 /* FullScreenLoaderVC.swift in Sources */ = {isa = PBXBuildFile; fileRef = 6584D8061FA1C7DA00FA0E46 /* FullScreenLoaderVC.swift */; };
		659CB7D81FA3281F000B03F2 /* Cryptocurrency+Extension.swift in Sources */ = {isa = PBXBuildFile; fileRef = 659CB7D71FA3281F000B03F2 /* Cryptocurrency+Extension.swift */; };
		659CB7DC1FA32A7B000B03F2 /* Connector+CryptocurrencyType.swift in Sources */ = {isa = PBXBuildFile; fileRef = 659CB7DB1FA32A7B000B03F2 /* Connector+CryptocurrencyType.swift */; };
		65A49EE91FB193980057330F /* Cryptocurrency.swift in Sources */ = {isa = PBXBuildFile; fileRef = 65A49EE81FB193980057330F /* Cryptocurrency.swift */; };
		65ABFE1F1FABB4AE008686AA /* InformationCell.swift in Sources */ = {isa = PBXBuildFile; fileRef = 65ABFE1E1FABB4AE008686AA /* InformationCell.swift */; };
		65ABFE211FABB4B6008686AA /* InformationCell.xib in Resources */ = {isa = PBXBuildFile; fileRef = 65ABFE201FABB4B6008686AA /* InformationCell.xib */; };
		65BEF9911F9F730C005B6389 /* UIColor+Extension.swift in Sources */ = {isa = PBXBuildFile; fileRef = 65BEF9901F9F730C005B6389 /* UIColor+Extension.swift */; };
		65BEF9931F9F73C6005B6389 /* UITableView+Extension.swift in Sources */ = {isa = PBXBuildFile; fileRef = 65BEF9921F9F73C5005B6389 /* UITableView+Extension.swift */; };
		65BEF9951F9F7408005B6389 /* ReusableView.swift in Sources */ = {isa = PBXBuildFile; fileRef = 65BEF9941F9F7408005B6389 /* ReusableView.swift */; };
		65BEF9971F9F7413005B6389 /* NibLoadableView.swift in Sources */ = {isa = PBXBuildFile; fileRef = 65BEF9961F9F7413005B6389 /* NibLoadableView.swift */; };
		65BEF9991FA07C6E005B6389 /* CryptocurrencyCoordinator.swift in Sources */ = {isa = PBXBuildFile; fileRef = 65BEF9981FA07C6E005B6389 /* CryptocurrencyCoordinator.swift */; };
		65BEF99B1FA07C7B005B6389 /* SettingsCoordinator.swift in Sources */ = {isa = PBXBuildFile; fileRef = 65BEF99A1FA07C7B005B6389 /* SettingsCoordinator.swift */; };
		65BEF99D1FA07CB4005B6389 /* NSObject+Extension.swift in Sources */ = {isa = PBXBuildFile; fileRef = 65BEF99C1FA07CB4005B6389 /* NSObject+Extension.swift */; };
		65BEF99F1FA07D68005B6389 /* UIViewController+Extension.swift in Sources */ = {isa = PBXBuildFile; fileRef = 65BEF99E1FA07D68005B6389 /* UIViewController+Extension.swift */; };
		65BEF9A31FA07F03005B6389 /* SettingsVC.swift in Sources */ = {isa = PBXBuildFile; fileRef = 65BEF9A21FA07F03005B6389 /* SettingsVC.swift */; };
		65BEF9A51FA07F0A005B6389 /* SettingsVM.swift in Sources */ = {isa = PBXBuildFile; fileRef = 65BEF9A41FA07F0A005B6389 /* SettingsVM.swift */; };
		65BEF9A71FA07F11005B6389 /* SettingsVMProtocol.swift in Sources */ = {isa = PBXBuildFile; fileRef = 65BEF9A61FA07F11005B6389 /* SettingsVMProtocol.swift */; };
		65BEF9A91FA07F19005B6389 /* SettingsTableView.swift in Sources */ = {isa = PBXBuildFile; fileRef = 65BEF9A81FA07F19005B6389 /* SettingsTableView.swift */; };
		65BEF9AB1FA07F23005B6389 /* SettingsVC.storyboard in Resources */ = {isa = PBXBuildFile; fileRef = 65BEF9AA1FA07F23005B6389 /* SettingsVC.storyboard */; };
		65C61B481F9DCF10002F87F6 /* Images.swift in Sources */ = {isa = PBXBuildFile; fileRef = 65C61B471F9DCF10002F87F6 /* Images.swift */; };
		65C61B4A1F9DCF1B002F87F6 /* Colors.swift in Sources */ = {isa = PBXBuildFile; fileRef = 65C61B491F9DCF1B002F87F6 /* Colors.swift */; };
		65C61B4E1F9DCF6F002F87F6 /* Coordinator.swift in Sources */ = {isa = PBXBuildFile; fileRef = 65C61B4D1F9DCF6F002F87F6 /* Coordinator.swift */; };
		65C61B521F9DD99B002F87F6 /* NewsVC.swift in Sources */ = {isa = PBXBuildFile; fileRef = 65C61B511F9DD99B002F87F6 /* NewsVC.swift */; };
		65C61B541F9DD9AA002F87F6 /* NewsVM.swift in Sources */ = {isa = PBXBuildFile; fileRef = 65C61B531F9DD9AA002F87F6 /* NewsVM.swift */; };
		65C61B561F9DD9B7002F87F6 /* NewsVMProtocol.swift in Sources */ = {isa = PBXBuildFile; fileRef = 65C61B551F9DD9B7002F87F6 /* NewsVMProtocol.swift */; };
		65C61B581F9DD9D4002F87F6 /* NewsView.swift in Sources */ = {isa = PBXBuildFile; fileRef = 65C61B571F9DD9D4002F87F6 /* NewsView.swift */; };
		65C61B5A1F9DD9DF002F87F6 /* NewsVC.storyboard in Resources */ = {isa = PBXBuildFile; fileRef = 65C61B591F9DD9DF002F87F6 /* NewsVC.storyboard */; };
		65CEE4691FB10241004A0B81 /* CryptocurrencyManagerMock.swift in Sources */ = {isa = PBXBuildFile; fileRef = 65CEE4681FB10241004A0B81 /* CryptocurrencyManagerMock.swift */; };
		65D823F61FA92520003BFFAF /* InputAccessoryView.swift in Sources */ = {isa = PBXBuildFile; fileRef = 65D823F51FA92520003BFFAF /* InputAccessoryView.swift */; };
		65D823F81FA92FEC003BFFAF /* UITextField+Extension.swift in Sources */ = {isa = PBXBuildFile; fileRef = 65D823F71FA92FEC003BFFAF /* UITextField+Extension.swift */; };
		65DD0F441F9F253E00CC665A /* API.h in Headers */ = {isa = PBXBuildFile; fileRef = 65DD0F421F9F253E00CC665A /* API.h */; settings = {ATTRIBUTES = (Public, ); }; };
		65DD0F471F9F253E00CC665A /* API.framework in Frameworks */ = {isa = PBXBuildFile; fileRef = 65DD0F401F9F253E00CC665A /* API.framework */; };
		65DD0F481F9F253E00CC665A /* API.framework in Embed Frameworks */ = {isa = PBXBuildFile; fileRef = 65DD0F401F9F253E00CC665A /* API.framework */; settings = {ATTRIBUTES = (CodeSignOnCopy, RemoveHeadersOnCopy, ); }; };
		65DD0F4E1F9F257800CC665A /* Connector.swift in Sources */ = {isa = PBXBuildFile; fileRef = 65DD0F4D1F9F257800CC665A /* Connector.swift */; };
		65DD0F501F9F257F00CC665A /* Router.swift in Sources */ = {isa = PBXBuildFile; fileRef = 65DD0F4F1F9F257F00CC665A /* Router.swift */; };
		65DD0F561F9F25C900CC665A /* APIError.swift in Sources */ = {isa = PBXBuildFile; fileRef = 65DD0F551F9F25C900CC665A /* APIError.swift */; };
		65DD0F581F9F25D200CC665A /* APIResult.swift in Sources */ = {isa = PBXBuildFile; fileRef = 65DD0F571F9F25D200CC665A /* APIResult.swift */; };
		65DD0F5A1F9F2A8F00CC665A /* MainCoordinator.swift in Sources */ = {isa = PBXBuildFile; fileRef = 65DD0F591F9F2A8F00CC665A /* MainCoordinator.swift */; };
		65DD0F5C1F9F306F00CC665A /* NewsVMMock.swift in Sources */ = {isa = PBXBuildFile; fileRef = 65DD0F5B1F9F306F00CC665A /* NewsVMMock.swift */; };
		65E531FB1FB0FADF0054458F /* APITests.swift in Sources */ = {isa = PBXBuildFile; fileRef = 65E531FA1FB0FADF0054458F /* APITests.swift */; };
		65E531FD1FB0FADF0054458F /* API.framework in Frameworks */ = {isa = PBXBuildFile; fileRef = 65DD0F401F9F253E00CC665A /* API.framework */; };
		F804F65CA51530F51CDB510D /* Pods_CryptocurrencyNews_CryptocurrencyNewsTests.framework in Frameworks */ = {isa = PBXBuildFile; fileRef = 61496B8500AC938A5AFE4B2C /* Pods_CryptocurrencyNews_CryptocurrencyNewsTests.framework */; };
		FDFF0842C9D75EDC7BF28654 /* Pods_CryptocurrencyNews.framework in Frameworks */ = {isa = PBXBuildFile; fileRef = 4D580A72306060845A2AD9C9 /* Pods_CryptocurrencyNews.framework */; };
/* End PBXBuildFile section */

/* Begin PBXContainerItemProxy section */
		650A5BE51FA91A030091A98C /* PBXContainerItemProxy */ = {
			isa = PBXContainerItemProxy;
			containerPortal = 650120D71F9DCA1200537214 /* Project object */;
			proxyType = 1;
			remoteGlobalIDString = 650A5BDF1FA91A030091A98C;
			remoteInfo = Defines;
		};
		65CEE4621FB1019E004A0B81 /* PBXContainerItemProxy */ = {
			isa = PBXContainerItemProxy;
			containerPortal = 650120D71F9DCA1200537214 /* Project object */;
			proxyType = 1;
			remoteGlobalIDString = 650120DE1F9DCA1200537214;
			remoteInfo = CryptocurrencyNews;
		};
		65DD0F451F9F253E00CC665A /* PBXContainerItemProxy */ = {
			isa = PBXContainerItemProxy;
			containerPortal = 650120D71F9DCA1200537214 /* Project object */;
			proxyType = 1;
			remoteGlobalIDString = 65DD0F3F1F9F253E00CC665A;
			remoteInfo = API;
		};
		65E531FE1FB0FADF0054458F /* PBXContainerItemProxy */ = {
			isa = PBXContainerItemProxy;
			containerPortal = 650120D71F9DCA1200537214 /* Project object */;
			proxyType = 1;
			remoteGlobalIDString = 65DD0F3F1F9F253E00CC665A;
			remoteInfo = API;
		};
/* End PBXContainerItemProxy section */

/* Begin PBXCopyFilesBuildPhase section */
		65DD0F4C1F9F253E00CC665A /* Embed Frameworks */ = {
			isa = PBXCopyFilesBuildPhase;
			buildActionMask = 2147483647;
			dstPath = "";
			dstSubfolderSpec = 10;
			files = (
				65DD0F481F9F253E00CC665A /* API.framework in Embed Frameworks */,
				650A5BE81FA91A030091A98C /* Defines.framework in Embed Frameworks */,
			);
			name = "Embed Frameworks";
			runOnlyForDeploymentPostprocessing = 0;
		};
/* End PBXCopyFilesBuildPhase section */

/* Begin PBXFileReference section */
		008FEE54BA85E95153740614 /* Pods_CryptocurrencyNews_APITests.framework */ = {isa = PBXFileReference; explicitFileType = wrapper.framework; includeInIndex = 0; path = Pods_CryptocurrencyNews_APITests.framework; sourceTree = BUILT_PRODUCTS_DIR; };
		35A335332CA006F4B1EC9AD5 /* Pods-CryptocurrencyNews.release.xcconfig */ = {isa = PBXFileReference; includeInIndex = 1; lastKnownFileType = text.xcconfig; name = "Pods-CryptocurrencyNews.release.xcconfig"; path = "Target Support Files/Pods-CryptocurrencyNews/Pods-CryptocurrencyNews.release.xcconfig"; sourceTree = "<group>"; };
		38E953DB15DD56BF961C1667 /* Pods-CryptocurrencyNews-API.release.xcconfig */ = {isa = PBXFileReference; includeInIndex = 1; lastKnownFileType = text.xcconfig; name = "Pods-CryptocurrencyNews-API.release.xcconfig"; path = "Target Support Files/Pods-CryptocurrencyNews-API/Pods-CryptocurrencyNews-API.release.xcconfig"; sourceTree = "<group>"; };
		4D580A72306060845A2AD9C9 /* Pods_CryptocurrencyNews.framework */ = {isa = PBXFileReference; explicitFileType = wrapper.framework; includeInIndex = 0; path = Pods_CryptocurrencyNews.framework; sourceTree = BUILT_PRODUCTS_DIR; };
		61496B8500AC938A5AFE4B2C /* Pods_CryptocurrencyNews_CryptocurrencyNewsTests.framework */ = {isa = PBXFileReference; explicitFileType = wrapper.framework; includeInIndex = 0; path = Pods_CryptocurrencyNews_CryptocurrencyNewsTests.framework; sourceTree = BUILT_PRODUCTS_DIR; };
		650120DF1F9DCA1200537214 /* CryptocurrencyNews.app */ = {isa = PBXFileReference; explicitFileType = wrapper.application; includeInIndex = 0; path = CryptocurrencyNews.app; sourceTree = BUILT_PRODUCTS_DIR; };
		650120E21F9DCA1200537214 /* AppDelegate.swift */ = {isa = PBXFileReference; lastKnownFileType = sourcecode.swift; path = AppDelegate.swift; sourceTree = "<group>"; };
		650120E91F9DCA1200537214 /* Assets.xcassets */ = {isa = PBXFileReference; lastKnownFileType = folder.assetcatalog; path = Assets.xcassets; sourceTree = "<group>"; };
		650120EC1F9DCA1200537214 /* Base */ = {isa = PBXFileReference; lastKnownFileType = file.storyboard; name = Base; path = Base.lproj/LaunchScreen.storyboard; sourceTree = "<group>"; };
		650120EE1F9DCA1200537214 /* Info.plist */ = {isa = PBXFileReference; lastKnownFileType = text.plist.xml; path = Info.plist; sourceTree = "<group>"; };
		650A5BE01FA91A030091A98C /* Defines.framework */ = {isa = PBXFileReference; explicitFileType = wrapper.framework; includeInIndex = 0; path = Defines.framework; sourceTree = BUILT_PRODUCTS_DIR; };
		650A5BE21FA91A030091A98C /* Defines.h */ = {isa = PBXFileReference; lastKnownFileType = sourcecode.c.h; path = Defines.h; sourceTree = "<group>"; };
		650A5BE31FA91A030091A98C /* Info.plist */ = {isa = PBXFileReference; lastKnownFileType = text.plist.xml; path = Info.plist; sourceTree = "<group>"; };
		650A5BED1FA91A230091A98C /* FiatCurrency.swift */ = {isa = PBXFileReference; lastKnownFileType = sourcecode.swift; path = FiatCurrency.swift; sourceTree = "<group>"; };
		6512ECE31FB0FCCB00517453 /* CryptocurrencyTests.swift */ = {isa = PBXFileReference; lastKnownFileType = sourcecode.swift; path = CryptocurrencyTests.swift; sourceTree = "<group>"; };
		652B2E661FA277A300E6CE28 /* TableViewEmptyStateView.swift */ = {isa = PBXFileReference; lastKnownFileType = sourcecode.swift; path = TableViewEmptyStateView.swift; sourceTree = "<group>"; };
		653680111FAC616B005BEC27 /* InternetConnectionManager.swift */ = {isa = PBXFileReference; lastKnownFileType = sourcecode.swift; path = InternetConnectionManager.swift; sourceTree = "<group>"; };
		654A7AD81F9DDD4E00F27A1D /* InformationVC.storyboard */ = {isa = PBXFileReference; lastKnownFileType = file.storyboard; path = InformationVC.storyboard; sourceTree = "<group>"; };
		654A7ADC1F9E00D500F27A1D /* StoryboardComplatible.swift */ = {isa = PBXFileReference; lastKnownFileType = sourcecode.swift; path = StoryboardComplatible.swift; sourceTree = "<group>"; };
		654A7ADF1F9E05EF00F27A1D /* NewsCell.swift */ = {isa = PBXFileReference; lastKnownFileType = sourcecode.swift; path = NewsCell.swift; sourceTree = "<group>"; };
		654A7AE11F9E05FA00F27A1D /* NewsCell.xib */ = {isa = PBXFileReference; lastKnownFileType = file.xib; path = NewsCell.xib; sourceTree = "<group>"; };
		6551C7A91FA87C9100978C13 /* Fonts.swift */ = {isa = PBXFileReference; lastKnownFileType = sourcecode.swift; path = Fonts.swift; sourceTree = "<group>"; };
		6551C7AB1FA8803F00978C13 /* MainTabBarController.swift */ = {isa = PBXFileReference; lastKnownFileType = sourcecode.swift; path = MainTabBarController.swift; sourceTree = "<group>"; };
		6551C7AD1FA8A14500978C13 /* UINavigationBar+Extension.swift */ = {isa = PBXFileReference; lastKnownFileType = sourcecode.swift; path = "UINavigationBar+Extension.swift"; sourceTree = "<group>"; };
		6551C7D01FB107640078247C /* InformationVMTests.swift */ = {isa = PBXFileReference; lastKnownFileType = sourcecode.swift; path = InformationVMTests.swift; sourceTree = "<group>"; };
		6557F4401FA733070051E382 /* CryptocurrencyManager.swift */ = {isa = PBXFileReference; lastKnownFileType = sourcecode.swift; path = CryptocurrencyManager.swift; sourceTree = "<group>"; };
		655A751C1F9DDAF70011C2BE /* InformationVC.swift */ = {isa = PBXFileReference; lastKnownFileType = sourcecode.swift; path = InformationVC.swift; sourceTree = "<group>"; };
		655A751E1F9DDB170011C2BE /* InformationVM.swift */ = {isa = PBXFileReference; lastKnownFileType = sourcecode.swift; path = InformationVM.swift; sourceTree = "<group>"; };
		655A75201F9DDB2C0011C2BE /* InformationVMProtocol.swift */ = {isa = PBXFileReference; lastKnownFileType = sourcecode.swift; path = InformationVMProtocol.swift; sourceTree = "<group>"; };
		655A75221F9DDB3E0011C2BE /* InformationView.swift */ = {isa = PBXFileReference; lastKnownFileType = sourcecode.swift; path = InformationView.swift; sourceTree = "<group>"; };
		6562A3231FB0FB5500FE666F /* ConnectorTests.swift */ = {isa = PBXFileReference; lastKnownFileType = sourcecode.swift; path = ConnectorTests.swift; sourceTree = "<group>"; };
		657142401FB1030C00B6A1F4 /* NewsVMTests.swift */ = {isa = PBXFileReference; lastKnownFileType = sourcecode.swift; path = NewsVMTests.swift; sourceTree = "<group>"; };
		6584D8041FA1C73E00FA0E46 /* UISearchBar+Extension.swift */ = {isa = PBXFileReference; lastKnownFileType = sourcecode.swift; path = "UISearchBar+Extension.swift"; sourceTree = "<group>"; };
		6584D8061FA1C7DA00FA0E46 /* FullScreenLoaderVC.swift */ = {isa = PBXFileReference; lastKnownFileType = sourcecode.swift; path = FullScreenLoaderVC.swift; sourceTree = "<group>"; };
		659CB7D71FA3281F000B03F2 /* Cryptocurrency+Extension.swift */ = {isa = PBXFileReference; lastKnownFileType = sourcecode.swift; path = "Cryptocurrency+Extension.swift"; sourceTree = "<group>"; };
		659CB7DB1FA32A7B000B03F2 /* Connector+CryptocurrencyType.swift */ = {isa = PBXFileReference; lastKnownFileType = sourcecode.swift; path = "Connector+CryptocurrencyType.swift"; sourceTree = "<group>"; };
		65A49EE81FB193980057330F /* Cryptocurrency.swift */ = {isa = PBXFileReference; lastKnownFileType = sourcecode.swift; path = Cryptocurrency.swift; sourceTree = "<group>"; };
		65ABFE1E1FABB4AE008686AA /* InformationCell.swift */ = {isa = PBXFileReference; lastKnownFileType = sourcecode.swift; path = InformationCell.swift; sourceTree = "<group>"; };
		65ABFE201FABB4B6008686AA /* InformationCell.xib */ = {isa = PBXFileReference; lastKnownFileType = file.xib; path = InformationCell.xib; sourceTree = "<group>"; };
		65BEF9901F9F730C005B6389 /* UIColor+Extension.swift */ = {isa = PBXFileReference; lastKnownFileType = sourcecode.swift; path = "UIColor+Extension.swift"; sourceTree = "<group>"; };
		65BEF9921F9F73C5005B6389 /* UITableView+Extension.swift */ = {isa = PBXFileReference; lastKnownFileType = sourcecode.swift; path = "UITableView+Extension.swift"; sourceTree = "<group>"; };
		65BEF9941F9F7408005B6389 /* ReusableView.swift */ = {isa = PBXFileReference; lastKnownFileType = sourcecode.swift; path = ReusableView.swift; sourceTree = "<group>"; };
		65BEF9961F9F7413005B6389 /* NibLoadableView.swift */ = {isa = PBXFileReference; lastKnownFileType = sourcecode.swift; path = NibLoadableView.swift; sourceTree = "<group>"; };
		65BEF9981FA07C6E005B6389 /* CryptocurrencyCoordinator.swift */ = {isa = PBXFileReference; lastKnownFileType = sourcecode.swift; path = CryptocurrencyCoordinator.swift; sourceTree = "<group>"; };
		65BEF99A1FA07C7B005B6389 /* SettingsCoordinator.swift */ = {isa = PBXFileReference; lastKnownFileType = sourcecode.swift; path = SettingsCoordinator.swift; sourceTree = "<group>"; };
		65BEF99C1FA07CB4005B6389 /* NSObject+Extension.swift */ = {isa = PBXFileReference; lastKnownFileType = sourcecode.swift; path = "NSObject+Extension.swift"; sourceTree = "<group>"; };
		65BEF99E1FA07D68005B6389 /* UIViewController+Extension.swift */ = {isa = PBXFileReference; lastKnownFileType = sourcecode.swift; path = "UIViewController+Extension.swift"; sourceTree = "<group>"; };
		65BEF9A21FA07F03005B6389 /* SettingsVC.swift */ = {isa = PBXFileReference; lastKnownFileType = sourcecode.swift; path = SettingsVC.swift; sourceTree = "<group>"; };
		65BEF9A41FA07F0A005B6389 /* SettingsVM.swift */ = {isa = PBXFileReference; lastKnownFileType = sourcecode.swift; path = SettingsVM.swift; sourceTree = "<group>"; };
		65BEF9A61FA07F11005B6389 /* SettingsVMProtocol.swift */ = {isa = PBXFileReference; lastKnownFileType = sourcecode.swift; path = SettingsVMProtocol.swift; sourceTree = "<group>"; };
		65BEF9A81FA07F19005B6389 /* SettingsTableView.swift */ = {isa = PBXFileReference; lastKnownFileType = sourcecode.swift; path = SettingsTableView.swift; sourceTree = "<group>"; };
		65BEF9AA1FA07F23005B6389 /* SettingsVC.storyboard */ = {isa = PBXFileReference; lastKnownFileType = file.storyboard; path = SettingsVC.storyboard; sourceTree = "<group>"; };
		65C61B471F9DCF10002F87F6 /* Images.swift */ = {isa = PBXFileReference; lastKnownFileType = sourcecode.swift; path = Images.swift; sourceTree = "<group>"; };
		65C61B491F9DCF1B002F87F6 /* Colors.swift */ = {isa = PBXFileReference; lastKnownFileType = sourcecode.swift; path = Colors.swift; sourceTree = "<group>"; };
		65C61B4D1F9DCF6F002F87F6 /* Coordinator.swift */ = {isa = PBXFileReference; lastKnownFileType = sourcecode.swift; path = Coordinator.swift; sourceTree = "<group>"; };
		65C61B511F9DD99B002F87F6 /* NewsVC.swift */ = {isa = PBXFileReference; lastKnownFileType = sourcecode.swift; path = NewsVC.swift; sourceTree = "<group>"; };
		65C61B531F9DD9AA002F87F6 /* NewsVM.swift */ = {isa = PBXFileReference; lastKnownFileType = sourcecode.swift; path = NewsVM.swift; sourceTree = "<group>"; };
		65C61B551F9DD9B7002F87F6 /* NewsVMProtocol.swift */ = {isa = PBXFileReference; lastKnownFileType = sourcecode.swift; path = NewsVMProtocol.swift; sourceTree = "<group>"; };
		65C61B571F9DD9D4002F87F6 /* NewsView.swift */ = {isa = PBXFileReference; lastKnownFileType = sourcecode.swift; path = NewsView.swift; sourceTree = "<group>"; };
		65C61B591F9DD9DF002F87F6 /* NewsVC.storyboard */ = {isa = PBXFileReference; lastKnownFileType = file.storyboard; path = NewsVC.storyboard; sourceTree = "<group>"; };
		65CEE45D1FB1019E004A0B81 /* CryptocurrencyNewsTests.xctest */ = {isa = PBXFileReference; explicitFileType = wrapper.cfbundle; includeInIndex = 0; path = CryptocurrencyNewsTests.xctest; sourceTree = BUILT_PRODUCTS_DIR; };
		65CEE4611FB1019E004A0B81 /* Info.plist */ = {isa = PBXFileReference; lastKnownFileType = text.plist.xml; path = Info.plist; sourceTree = "<group>"; };
		65CEE4681FB10241004A0B81 /* CryptocurrencyManagerMock.swift */ = {isa = PBXFileReference; lastKnownFileType = sourcecode.swift; path = CryptocurrencyManagerMock.swift; sourceTree = "<group>"; };
		65D823F51FA92520003BFFAF /* InputAccessoryView.swift */ = {isa = PBXFileReference; lastKnownFileType = sourcecode.swift; path = InputAccessoryView.swift; sourceTree = "<group>"; };
		65D823F71FA92FEC003BFFAF /* UITextField+Extension.swift */ = {isa = PBXFileReference; lastKnownFileType = sourcecode.swift; path = "UITextField+Extension.swift"; sourceTree = "<group>"; };
		65DD0F401F9F253E00CC665A /* API.framework */ = {isa = PBXFileReference; explicitFileType = wrapper.framework; includeInIndex = 0; path = API.framework; sourceTree = BUILT_PRODUCTS_DIR; };
		65DD0F421F9F253E00CC665A /* API.h */ = {isa = PBXFileReference; lastKnownFileType = sourcecode.c.h; path = API.h; sourceTree = "<group>"; };
		65DD0F431F9F253E00CC665A /* Info.plist */ = {isa = PBXFileReference; lastKnownFileType = text.plist.xml; path = Info.plist; sourceTree = "<group>"; };
		65DD0F4D1F9F257800CC665A /* Connector.swift */ = {isa = PBXFileReference; lastKnownFileType = sourcecode.swift; path = Connector.swift; sourceTree = "<group>"; };
		65DD0F4F1F9F257F00CC665A /* Router.swift */ = {isa = PBXFileReference; lastKnownFileType = sourcecode.swift; path = Router.swift; sourceTree = "<group>"; };
		65DD0F551F9F25C900CC665A /* APIError.swift */ = {isa = PBXFileReference; lastKnownFileType = sourcecode.swift; path = APIError.swift; sourceTree = "<group>"; };
		65DD0F571F9F25D200CC665A /* APIResult.swift */ = {isa = PBXFileReference; lastKnownFileType = sourcecode.swift; path = APIResult.swift; sourceTree = "<group>"; };
		65DD0F591F9F2A8F00CC665A /* MainCoordinator.swift */ = {isa = PBXFileReference; lastKnownFileType = sourcecode.swift; path = MainCoordinator.swift; sourceTree = "<group>"; };
		65DD0F5B1F9F306F00CC665A /* NewsVMMock.swift */ = {isa = PBXFileReference; lastKnownFileType = sourcecode.swift; path = NewsVMMock.swift; sourceTree = "<group>"; };
		65E531F81FB0FADF0054458F /* APITests.xctest */ = {isa = PBXFileReference; explicitFileType = wrapper.cfbundle; includeInIndex = 0; path = APITests.xctest; sourceTree = BUILT_PRODUCTS_DIR; };
		65E531FA1FB0FADF0054458F /* APITests.swift */ = {isa = PBXFileReference; lastKnownFileType = sourcecode.swift; path = APITests.swift; sourceTree = "<group>"; };
		65E531FC1FB0FADF0054458F /* Info.plist */ = {isa = PBXFileReference; lastKnownFileType = text.plist.xml; path = Info.plist; sourceTree = "<group>"; };
		6A1181B324BF9BAD4795D83F /* Pods-CryptocurrencyNews-APITests.debug.xcconfig */ = {isa = PBXFileReference; includeInIndex = 1; lastKnownFileType = text.xcconfig; name = "Pods-CryptocurrencyNews-APITests.debug.xcconfig"; path = "Target Support Files/Pods-CryptocurrencyNews-APITests/Pods-CryptocurrencyNews-APITests.debug.xcconfig"; sourceTree = "<group>"; };
		7FAD7578AA51A1DFFC345A07 /* Pods-CryptocurrencyNews-CryptocurrencyNewsTests.debug.xcconfig */ = {isa = PBXFileReference; includeInIndex = 1; lastKnownFileType = text.xcconfig; name = "Pods-CryptocurrencyNews-CryptocurrencyNewsTests.debug.xcconfig"; path = "Target Support Files/Pods-CryptocurrencyNews-CryptocurrencyNewsTests/Pods-CryptocurrencyNews-CryptocurrencyNewsTests.debug.xcconfig"; sourceTree = "<group>"; };
		826912FCA0FEA2192A43C148 /* Pods-CryptocurrencyNews-CryptocurrencyNewsTests.release.xcconfig */ = {isa = PBXFileReference; includeInIndex = 1; lastKnownFileType = text.xcconfig; name = "Pods-CryptocurrencyNews-CryptocurrencyNewsTests.release.xcconfig"; path = "Target Support Files/Pods-CryptocurrencyNews-CryptocurrencyNewsTests/Pods-CryptocurrencyNews-CryptocurrencyNewsTests.release.xcconfig"; sourceTree = "<group>"; };
		88FBB59F4E5B3260435EFB61 /* Pods-CryptocurrencyNews-API.debug.xcconfig */ = {isa = PBXFileReference; includeInIndex = 1; lastKnownFileType = text.xcconfig; name = "Pods-CryptocurrencyNews-API.debug.xcconfig"; path = "Target Support Files/Pods-CryptocurrencyNews-API/Pods-CryptocurrencyNews-API.debug.xcconfig"; sourceTree = "<group>"; };
		A587A376D2C62EA2449770AB /* Pods_CryptocurrencyNews_API.framework */ = {isa = PBXFileReference; explicitFileType = wrapper.framework; includeInIndex = 0; path = Pods_CryptocurrencyNews_API.framework; sourceTree = BUILT_PRODUCTS_DIR; };
		A5C3574AC7089F647970821C /* Pods-CryptocurrencyNews-APITests.release.xcconfig */ = {isa = PBXFileReference; includeInIndex = 1; lastKnownFileType = text.xcconfig; name = "Pods-CryptocurrencyNews-APITests.release.xcconfig"; path = "Target Support Files/Pods-CryptocurrencyNews-APITests/Pods-CryptocurrencyNews-APITests.release.xcconfig"; sourceTree = "<group>"; };
		E5E7569566522A580633148E /* Pods-CryptocurrencyNews.debug.xcconfig */ = {isa = PBXFileReference; includeInIndex = 1; lastKnownFileType = text.xcconfig; name = "Pods-CryptocurrencyNews.debug.xcconfig"; path = "Target Support Files/Pods-CryptocurrencyNews/Pods-CryptocurrencyNews.debug.xcconfig"; sourceTree = "<group>"; };
/* End PBXFileReference section */

/* Begin PBXFrameworksBuildPhase section */
		650120DC1F9DCA1200537214 /* Frameworks */ = {
			isa = PBXFrameworksBuildPhase;
			buildActionMask = 2147483647;
			files = (
				650A5BE71FA91A030091A98C /* Defines.framework in Frameworks */,
				65DD0F471F9F253E00CC665A /* API.framework in Frameworks */,
				FDFF0842C9D75EDC7BF28654 /* Pods_CryptocurrencyNews.framework in Frameworks */,
			);
			runOnlyForDeploymentPostprocessing = 0;
		};
		650A5BDC1FA91A030091A98C /* Frameworks */ = {
			isa = PBXFrameworksBuildPhase;
			buildActionMask = 2147483647;
			files = (
			);
			runOnlyForDeploymentPostprocessing = 0;
		};
		65CEE45A1FB1019E004A0B81 /* Frameworks */ = {
			isa = PBXFrameworksBuildPhase;
			buildActionMask = 2147483647;
			files = (
				F804F65CA51530F51CDB510D /* Pods_CryptocurrencyNews_CryptocurrencyNewsTests.framework in Frameworks */,
			);
			runOnlyForDeploymentPostprocessing = 0;
		};
		65DD0F3C1F9F253E00CC665A /* Frameworks */ = {
			isa = PBXFrameworksBuildPhase;
			buildActionMask = 2147483647;
			files = (
				4804C019E87C00FFFAAE5F1E /* Pods_CryptocurrencyNews_API.framework in Frameworks */,
			);
			runOnlyForDeploymentPostprocessing = 0;
		};
		65E531F51FB0FADF0054458F /* Frameworks */ = {
			isa = PBXFrameworksBuildPhase;
			buildActionMask = 2147483647;
			files = (
				65E531FD1FB0FADF0054458F /* API.framework in Frameworks */,
				3C6A8AFA75F402FC7BB66D1F /* Pods_CryptocurrencyNews_APITests.framework in Frameworks */,
			);
			runOnlyForDeploymentPostprocessing = 0;
		};
/* End PBXFrameworksBuildPhase section */

/* Begin PBXGroup section */
		227E0EC80F53A34749083267 /* Pods */ = {
			isa = PBXGroup;
			children = (
				E5E7569566522A580633148E /* Pods-CryptocurrencyNews.debug.xcconfig */,
				35A335332CA006F4B1EC9AD5 /* Pods-CryptocurrencyNews.release.xcconfig */,
				88FBB59F4E5B3260435EFB61 /* Pods-CryptocurrencyNews-API.debug.xcconfig */,
				38E953DB15DD56BF961C1667 /* Pods-CryptocurrencyNews-API.release.xcconfig */,
				6A1181B324BF9BAD4795D83F /* Pods-CryptocurrencyNews-APITests.debug.xcconfig */,
				A5C3574AC7089F647970821C /* Pods-CryptocurrencyNews-APITests.release.xcconfig */,
				7FAD7578AA51A1DFFC345A07 /* Pods-CryptocurrencyNews-CryptocurrencyNewsTests.debug.xcconfig */,
				826912FCA0FEA2192A43C148 /* Pods-CryptocurrencyNews-CryptocurrencyNewsTests.release.xcconfig */,
			);
			name = Pods;
			path = Pods;
			sourceTree = "<group>";
		};
		56F31FABAB1D571CC65E0967 /* Frameworks */ = {
			isa = PBXGroup;
			children = (
				4D580A72306060845A2AD9C9 /* Pods_CryptocurrencyNews.framework */,
				A587A376D2C62EA2449770AB /* Pods_CryptocurrencyNews_API.framework */,
				008FEE54BA85E95153740614 /* Pods_CryptocurrencyNews_APITests.framework */,
				61496B8500AC938A5AFE4B2C /* Pods_CryptocurrencyNews_CryptocurrencyNewsTests.framework */,
			);
			name = Frameworks;
			sourceTree = "<group>";
		};
		650120D61F9DCA1200537214 = {
			isa = PBXGroup;
			children = (
				650120E11F9DCA1200537214 /* CryptocurrencyNews */,
				65DD0F411F9F253E00CC665A /* API */,
				650A5BE11FA91A030091A98C /* Defines */,
				65E531F91FB0FADF0054458F /* APITests */,
				65CEE45E1FB1019E004A0B81 /* CryptocurrencyNewsTests */,
				650120E01F9DCA1200537214 /* Products */,
				227E0EC80F53A34749083267 /* Pods */,
				56F31FABAB1D571CC65E0967 /* Frameworks */,
			);
			sourceTree = "<group>";
		};
		650120E01F9DCA1200537214 /* Products */ = {
			isa = PBXGroup;
			children = (
				650120DF1F9DCA1200537214 /* CryptocurrencyNews.app */,
				65DD0F401F9F253E00CC665A /* API.framework */,
				650A5BE01FA91A030091A98C /* Defines.framework */,
				65E531F81FB0FADF0054458F /* APITests.xctest */,
				65CEE45D1FB1019E004A0B81 /* CryptocurrencyNewsTests.xctest */,
			);
			name = Products;
			sourceTree = "<group>";
		};
		650120E11F9DCA1200537214 /* CryptocurrencyNews */ = {
			isa = PBXGroup;
			children = (
				6557F43F1FA732F40051E382 /* Business */,
				65C61B411F9DCDF5002F87F6 /* Assets */,
				65C61B451F9DCE52002F87F6 /* Helpers */,
				65C61B431F9DCE2F002F87F6 /* Extensions */,
				65C61B421F9DCE1E002F87F6 /* Presentation */,
				650120E21F9DCA1200537214 /* AppDelegate.swift */,
				650120E91F9DCA1200537214 /* Assets.xcassets */,
				650120EB1F9DCA1200537214 /* LaunchScreen.storyboard */,
				650120EE1F9DCA1200537214 /* Info.plist */,
			);
			path = CryptocurrencyNews;
			sourceTree = "<group>";
		};
		650A5BE11FA91A030091A98C /* Defines */ = {
			isa = PBXGroup;
			children = (
				65A49EE71FB1938C0057330F /* Models */,
				650A5BEC1FA91A180091A98C /* Enums */,
				650A5BE21FA91A030091A98C /* Defines.h */,
				650A5BE31FA91A030091A98C /* Info.plist */,
			);
			path = Defines;
			sourceTree = "<group>";
		};
		650A5BEC1FA91A180091A98C /* Enums */ = {
			isa = PBXGroup;
			children = (
				650A5BED1FA91A230091A98C /* FiatCurrency.swift */,
			);
			path = Enums;
			sourceTree = "<group>";
		};
		654A7ADE1F9E05DB00F27A1D /* Views */ = {
			isa = PBXGroup;
			children = (
				654A7ADF1F9E05EF00F27A1D /* NewsCell.swift */,
				654A7AE11F9E05FA00F27A1D /* NewsCell.xib */,
				652B2E661FA277A300E6CE28 /* TableViewEmptyStateView.swift */,
			);
			path = Views;
			sourceTree = "<group>";
		};
		6557F43F1FA732F40051E382 /* Business */ = {
			isa = PBXGroup;
			children = (
				6557F4401FA733070051E382 /* CryptocurrencyManager.swift */,
				653680111FAC616B005BEC27 /* InternetConnectionManager.swift */,
			);
			path = Business;
			sourceTree = "<group>";
		};
		655A751B1F9DDAD50011C2BE /* Information */ = {
			isa = PBXGroup;
			children = (
				65ABFE1D1FABB499008686AA /* Views */,
				655A751C1F9DDAF70011C2BE /* InformationVC.swift */,
				655A751E1F9DDB170011C2BE /* InformationVM.swift */,
				655A75201F9DDB2C0011C2BE /* InformationVMProtocol.swift */,
				655A75221F9DDB3E0011C2BE /* InformationView.swift */,
				654A7AD81F9DDD4E00F27A1D /* InformationVC.storyboard */,
			);
			path = Information;
			sourceTree = "<group>";
		};
		6562A3211FB0FB2800FE666F /* Model Tests */ = {
			isa = PBXGroup;
			children = (
				6512ECE31FB0FCCB00517453 /* CryptocurrencyTests.swift */,
			);
			path = "Model Tests";
			sourceTree = "<group>";
		};
		6571423F1FB102F200B6A1F4 /* ViewModels */ = {
			isa = PBXGroup;
			children = (
				657142401FB1030C00B6A1F4 /* NewsVMTests.swift */,
				6551C7D01FB107640078247C /* InformationVMTests.swift */,
			);
			path = ViewModels;
			sourceTree = "<group>";
		};
		65A49EE71FB1938C0057330F /* Models */ = {
			isa = PBXGroup;
			children = (
				65A49EE81FB193980057330F /* Cryptocurrency.swift */,
			);
			path = Models;
			sourceTree = "<group>";
		};
		65ABFE1D1FABB499008686AA /* Views */ = {
			isa = PBXGroup;
			children = (
				65ABFE1E1FABB4AE008686AA /* InformationCell.swift */,
				65ABFE201FABB4B6008686AA /* InformationCell.xib */,
			);
			path = Views;
			sourceTree = "<group>";
		};
		65BEF9A11FA07EFB005B6389 /* Settings */ = {
			isa = PBXGroup;
			children = (
				65BEF9A21FA07F03005B6389 /* SettingsVC.swift */,
				65BEF9A41FA07F0A005B6389 /* SettingsVM.swift */,
				65BEF9A61FA07F11005B6389 /* SettingsVMProtocol.swift */,
				65BEF9A81FA07F19005B6389 /* SettingsTableView.swift */,
				65BEF9AA1FA07F23005B6389 /* SettingsVC.storyboard */,
			);
			path = Settings;
			sourceTree = "<group>";
		};
		65C61B411F9DCDF5002F87F6 /* Assets */ = {
			isa = PBXGroup;
			children = (
				65C61B471F9DCF10002F87F6 /* Images.swift */,
				65C61B491F9DCF1B002F87F6 /* Colors.swift */,
				6551C7A91FA87C9100978C13 /* Fonts.swift */,
			);
			path = Assets;
			sourceTree = "<group>";
		};
		65C61B421F9DCE1E002F87F6 /* Presentation */ = {
			isa = PBXGroup;
			children = (
				65C61B4F1F9DD989002F87F6 /* Screens */,
				65C61B441F9DCE3E002F87F6 /* Coordinators */,
			);
			path = Presentation;
			sourceTree = "<group>";
		};
		65C61B431F9DCE2F002F87F6 /* Extensions */ = {
			isa = PBXGroup;
			children = (
				65BEF9901F9F730C005B6389 /* UIColor+Extension.swift */,
				65BEF9921F9F73C5005B6389 /* UITableView+Extension.swift */,
				65BEF99C1FA07CB4005B6389 /* NSObject+Extension.swift */,
				65BEF99E1FA07D68005B6389 /* UIViewController+Extension.swift */,
				6584D8041FA1C73E00FA0E46 /* UISearchBar+Extension.swift */,
				6551C7AD1FA8A14500978C13 /* UINavigationBar+Extension.swift */,
				65D823F71FA92FEC003BFFAF /* UITextField+Extension.swift */,
			);
			path = Extensions;
			sourceTree = "<group>";
		};
		65C61B441F9DCE3E002F87F6 /* Coordinators */ = {
			isa = PBXGroup;
			children = (
				65C61B4D1F9DCF6F002F87F6 /* Coordinator.swift */,
				65DD0F591F9F2A8F00CC665A /* MainCoordinator.swift */,
				65BEF9981FA07C6E005B6389 /* CryptocurrencyCoordinator.swift */,
				65BEF99A1FA07C7B005B6389 /* SettingsCoordinator.swift */,
			);
			path = Coordinators;
			sourceTree = "<group>";
		};
		65C61B451F9DCE52002F87F6 /* Helpers */ = {
			isa = PBXGroup;
			children = (
				654A7ADC1F9E00D500F27A1D /* StoryboardComplatible.swift */,
				65BEF9941F9F7408005B6389 /* ReusableView.swift */,
				65BEF9961F9F7413005B6389 /* NibLoadableView.swift */,
				6584D8061FA1C7DA00FA0E46 /* FullScreenLoaderVC.swift */,
				6551C7AB1FA8803F00978C13 /* MainTabBarController.swift */,
				65D823F51FA92520003BFFAF /* InputAccessoryView.swift */,
			);
			path = Helpers;
			sourceTree = "<group>";
		};
		65C61B4F1F9DD989002F87F6 /* Screens */ = {
			isa = PBXGroup;
			children = (
				65BEF9A11FA07EFB005B6389 /* Settings */,
				655A751B1F9DDAD50011C2BE /* Information */,
				65C61B501F9DD98E002F87F6 /* News */,
			);
			path = Screens;
			sourceTree = "<group>";
		};
		65C61B501F9DD98E002F87F6 /* News */ = {
			isa = PBXGroup;
			children = (
				654A7ADE1F9E05DB00F27A1D /* Views */,
				65C61B511F9DD99B002F87F6 /* NewsVC.swift */,
				65C61B531F9DD9AA002F87F6 /* NewsVM.swift */,
				65DD0F5B1F9F306F00CC665A /* NewsVMMock.swift */,
				65C61B551F9DD9B7002F87F6 /* NewsVMProtocol.swift */,
				65C61B571F9DD9D4002F87F6 /* NewsView.swift */,
				65C61B591F9DD9DF002F87F6 /* NewsVC.storyboard */,
			);
			path = News;
			sourceTree = "<group>";
		};
		65CEE45E1FB1019E004A0B81 /* CryptocurrencyNewsTests */ = {
			isa = PBXGroup;
			children = (
				6571423F1FB102F200B6A1F4 /* ViewModels */,
				65CEE4671FB10230004A0B81 /* Helpers */,
				65CEE4611FB1019E004A0B81 /* Info.plist */,
			);
			path = CryptocurrencyNewsTests;
			sourceTree = "<group>";
		};
		65CEE4671FB10230004A0B81 /* Helpers */ = {
			isa = PBXGroup;
			children = (
				65CEE4681FB10241004A0B81 /* CryptocurrencyManagerMock.swift */,
			);
			path = Helpers;
			sourceTree = "<group>";
		};
		65DD0F411F9F253E00CC665A /* API */ = {
			isa = PBXGroup;
			children = (
				65DD0F521F9F259000CC665A /* Models */,
				65DD0F421F9F253E00CC665A /* API.h */,
				65DD0F431F9F253E00CC665A /* Info.plist */,
				65DD0F4D1F9F257800CC665A /* Connector.swift */,
				659CB7DB1FA32A7B000B03F2 /* Connector+CryptocurrencyType.swift */,
				65DD0F4F1F9F257F00CC665A /* Router.swift */,
			);
			path = API;
			sourceTree = "<group>";
		};
		65DD0F521F9F259000CC665A /* Models */ = {
			isa = PBXGroup;
			children = (
				65DD0F551F9F25C900CC665A /* APIError.swift */,
				65DD0F571F9F25D200CC665A /* APIResult.swift */,
				659CB7D71FA3281F000B03F2 /* Cryptocurrency+Extension.swift */,
			);
			path = Models;
			sourceTree = "<group>";
		};
		65E531F91FB0FADF0054458F /* APITests */ = {
			isa = PBXGroup;
			children = (
				6562A3211FB0FB2800FE666F /* Model Tests */,
				65E531FA1FB0FADF0054458F /* APITests.swift */,
				65E531FC1FB0FADF0054458F /* Info.plist */,
				6562A3231FB0FB5500FE666F /* ConnectorTests.swift */,
			);
			path = APITests;
			sourceTree = "<group>";
		};
/* End PBXGroup section */

/* Begin PBXHeadersBuildPhase section */
		650A5BDD1FA91A030091A98C /* Headers */ = {
			isa = PBXHeadersBuildPhase;
			buildActionMask = 2147483647;
			files = (
				650A5BE41FA91A030091A98C /* Defines.h in Headers */,
			);
			runOnlyForDeploymentPostprocessing = 0;
		};
		65DD0F3D1F9F253E00CC665A /* Headers */ = {
			isa = PBXHeadersBuildPhase;
			buildActionMask = 2147483647;
			files = (
				65DD0F441F9F253E00CC665A /* API.h in Headers */,
			);
			runOnlyForDeploymentPostprocessing = 0;
		};
/* End PBXHeadersBuildPhase section */

/* Begin PBXNativeTarget section */
		650120DE1F9DCA1200537214 /* CryptocurrencyNews */ = {
			isa = PBXNativeTarget;
			buildConfigurationList = 650120F11F9DCA1200537214 /* Build configuration list for PBXNativeTarget "CryptocurrencyNews" */;
			buildPhases = (
				2485D82106BED24FECB59E5B /* [CP] Check Pods Manifest.lock */,
				650120DB1F9DCA1200537214 /* Sources */,
				650120DC1F9DCA1200537214 /* Frameworks */,
				650120DD1F9DCA1200537214 /* Resources */,
				65DD0F4C1F9F253E00CC665A /* Embed Frameworks */,
				749157409C1C4B7F6BBA04F5 /* [CP] Embed Pods Frameworks */,
			);
			buildRules = (
			);
			dependencies = (
				65DD0F461F9F253E00CC665A /* PBXTargetDependency */,
				650A5BE61FA91A030091A98C /* PBXTargetDependency */,
			);
			name = CryptocurrencyNews;
			productName = CryptocurrencyNews;
			productReference = 650120DF1F9DCA1200537214 /* CryptocurrencyNews.app */;
			productType = "com.apple.product-type.application";
		};
		650A5BDF1FA91A030091A98C /* Defines */ = {
			isa = PBXNativeTarget;
			buildConfigurationList = 650A5BEB1FA91A030091A98C /* Build configuration list for PBXNativeTarget "Defines" */;
			buildPhases = (
				650A5BDB1FA91A030091A98C /* Sources */,
				650A5BDC1FA91A030091A98C /* Frameworks */,
				650A5BDD1FA91A030091A98C /* Headers */,
				650A5BDE1FA91A030091A98C /* Resources */,
			);
			buildRules = (
			);
			dependencies = (
			);
			name = Defines;
			productName = Defines;
			productReference = 650A5BE01FA91A030091A98C /* Defines.framework */;
			productType = "com.apple.product-type.framework";
		};
		65CEE45C1FB1019E004A0B81 /* CryptocurrencyNewsTests */ = {
			isa = PBXNativeTarget;
			buildConfigurationList = 65CEE4661FB1019E004A0B81 /* Build configuration list for PBXNativeTarget "CryptocurrencyNewsTests" */;
			buildPhases = (
				9156C4E543809FF5F3051F88 /* [CP] Check Pods Manifest.lock */,
				65CEE4591FB1019E004A0B81 /* Sources */,
				65CEE45A1FB1019E004A0B81 /* Frameworks */,
				65CEE45B1FB1019E004A0B81 /* Resources */,
				433C4563B9E6BF22B9480E1E /* [CP] Embed Pods Frameworks */,
			);
			buildRules = (
			);
			dependencies = (
				65CEE4631FB1019E004A0B81 /* PBXTargetDependency */,
			);
			name = CryptocurrencyNewsTests;
			productName = CryptocurrencyNewsTests;
			productReference = 65CEE45D1FB1019E004A0B81 /* CryptocurrencyNewsTests.xctest */;
			productType = "com.apple.product-type.bundle.unit-test";
		};
		65DD0F3F1F9F253E00CC665A /* API */ = {
			isa = PBXNativeTarget;
			buildConfigurationList = 65DD0F4B1F9F253E00CC665A /* Build configuration list for PBXNativeTarget "API" */;
			buildPhases = (
				04DFB4D64396E81851C4FA3C /* [CP] Check Pods Manifest.lock */,
				65DD0F3B1F9F253E00CC665A /* Sources */,
				65DD0F3C1F9F253E00CC665A /* Frameworks */,
				65DD0F3D1F9F253E00CC665A /* Headers */,
				65DD0F3E1F9F253E00CC665A /* Resources */,
			);
			buildRules = (
			);
			dependencies = (
			);
			name = API;
			productName = API;
			productReference = 65DD0F401F9F253E00CC665A /* API.framework */;
			productType = "com.apple.product-type.framework";
		};
		65E531F71FB0FADF0054458F /* APITests */ = {
			isa = PBXNativeTarget;
			buildConfigurationList = 65E532021FB0FAE00054458F /* Build configuration list for PBXNativeTarget "APITests" */;
			buildPhases = (
				1994271097C2F9A3234AC21F /* [CP] Check Pods Manifest.lock */,
				65E531F41FB0FADF0054458F /* Sources */,
				65E531F51FB0FADF0054458F /* Frameworks */,
				65E531F61FB0FADF0054458F /* Resources */,
				FB1B09E847AB3E4ABC11D398 /* [CP] Embed Pods Frameworks */,
			);
			buildRules = (
			);
			dependencies = (
				65E531FF1FB0FADF0054458F /* PBXTargetDependency */,
			);
			name = APITests;
			productName = APITests;
			productReference = 65E531F81FB0FADF0054458F /* APITests.xctest */;
			productType = "com.apple.product-type.bundle.unit-test";
		};
/* End PBXNativeTarget section */

/* Begin PBXProject section */
		650120D71F9DCA1200537214 /* Project object */ = {
			isa = PBXProject;
			attributes = {
				LastSwiftUpdateCheck = 0910;
				LastUpgradeCheck = 0900;
				ORGANIZATIONNAME = "Kristijan Delivuk";
				TargetAttributes = {
					650120DE1F9DCA1200537214 = {
						CreatedOnToolsVersion = 9.0.1;
						ProvisioningStyle = Automatic;
					};
					650A5BDF1FA91A030091A98C = {
						CreatedOnToolsVersion = 9.0.1;
						LastSwiftMigration = 0900;
						ProvisioningStyle = Automatic;
					};
					65CEE45C1FB1019E004A0B81 = {
						CreatedOnToolsVersion = 9.1;
						ProvisioningStyle = Automatic;
						TestTargetID = 650120DE1F9DCA1200537214;
					};
					65DD0F3F1F9F253E00CC665A = {
						CreatedOnToolsVersion = 9.0.1;
						LastSwiftMigration = 0900;
						ProvisioningStyle = Automatic;
					};
					65E531F71FB0FADF0054458F = {
						CreatedOnToolsVersion = 9.1;
						ProvisioningStyle = Automatic;
					};
				};
			};
			buildConfigurationList = 650120DA1F9DCA1200537214 /* Build configuration list for PBXProject "CryptocurrencyNews" */;
			compatibilityVersion = "Xcode 8.0";
			developmentRegion = en;
			hasScannedForEncodings = 0;
			knownRegions = (
				en,
				Base,
			);
			mainGroup = 650120D61F9DCA1200537214;
			productRefGroup = 650120E01F9DCA1200537214 /* Products */;
			projectDirPath = "";
			projectRoot = "";
			targets = (
				650120DE1F9DCA1200537214 /* CryptocurrencyNews */,
				65DD0F3F1F9F253E00CC665A /* API */,
				650A5BDF1FA91A030091A98C /* Defines */,
				65E531F71FB0FADF0054458F /* APITests */,
				65CEE45C1FB1019E004A0B81 /* CryptocurrencyNewsTests */,
			);
		};
/* End PBXProject section */

/* Begin PBXResourcesBuildPhase section */
		650120DD1F9DCA1200537214 /* Resources */ = {
			isa = PBXResourcesBuildPhase;
			buildActionMask = 2147483647;
			files = (
				65ABFE211FABB4B6008686AA /* InformationCell.xib in Resources */,
				650120ED1F9DCA1200537214 /* LaunchScreen.storyboard in Resources */,
				65C61B5A1F9DD9DF002F87F6 /* NewsVC.storyboard in Resources */,
				654A7AE21F9E05FA00F27A1D /* NewsCell.xib in Resources */,
				654A7AD91F9DDD4E00F27A1D /* InformationVC.storyboard in Resources */,
				65BEF9AB1FA07F23005B6389 /* SettingsVC.storyboard in Resources */,
				650120EA1F9DCA1200537214 /* Assets.xcassets in Resources */,
			);
			runOnlyForDeploymentPostprocessing = 0;
		};
		650A5BDE1FA91A030091A98C /* Resources */ = {
			isa = PBXResourcesBuildPhase;
			buildActionMask = 2147483647;
			files = (
			);
			runOnlyForDeploymentPostprocessing = 0;
		};
		65CEE45B1FB1019E004A0B81 /* Resources */ = {
			isa = PBXResourcesBuildPhase;
			buildActionMask = 2147483647;
			files = (
			);
			runOnlyForDeploymentPostprocessing = 0;
		};
		65DD0F3E1F9F253E00CC665A /* Resources */ = {
			isa = PBXResourcesBuildPhase;
			buildActionMask = 2147483647;
			files = (
			);
			runOnlyForDeploymentPostprocessing = 0;
		};
		65E531F61FB0FADF0054458F /* Resources */ = {
			isa = PBXResourcesBuildPhase;
			buildActionMask = 2147483647;
			files = (
			);
			runOnlyForDeploymentPostprocessing = 0;
		};
/* End PBXResourcesBuildPhase section */

/* Begin PBXShellScriptBuildPhase section */
		04DFB4D64396E81851C4FA3C /* [CP] Check Pods Manifest.lock */ = {
			isa = PBXShellScriptBuildPhase;
			buildActionMask = 2147483647;
			files = (
			);
			inputFileListPaths = (
			);
			inputPaths = (
				"${PODS_PODFILE_DIR_PATH}/Podfile.lock",
				"${PODS_ROOT}/Manifest.lock",
			);
			name = "[CP] Check Pods Manifest.lock";
			outputFileListPaths = (
			);
			outputPaths = (
				"$(DERIVED_FILE_DIR)/Pods-CryptocurrencyNews-API-checkManifestLockResult.txt",
			);
			runOnlyForDeploymentPostprocessing = 0;
			shellPath = /bin/sh;
			shellScript = "diff \"${PODS_PODFILE_DIR_PATH}/Podfile.lock\" \"${PODS_ROOT}/Manifest.lock\" > /dev/null\nif [ $? != 0 ] ; then\n    # print error to STDERR\n    echo \"error: The sandbox is not in sync with the Podfile.lock. Run 'pod install' or update your CocoaPods installation.\" >&2\n    exit 1\nfi\n# This output is used by Xcode 'outputs' to avoid re-running this script phase.\necho \"SUCCESS\" > \"${SCRIPT_OUTPUT_FILE_0}\"\n";
			showEnvVarsInLog = 0;
		};
		1994271097C2F9A3234AC21F /* [CP] Check Pods Manifest.lock */ = {
			isa = PBXShellScriptBuildPhase;
			buildActionMask = 2147483647;
			files = (
			);
			inputFileListPaths = (
			);
			inputPaths = (
				"${PODS_PODFILE_DIR_PATH}/Podfile.lock",
				"${PODS_ROOT}/Manifest.lock",
			);
			name = "[CP] Check Pods Manifest.lock";
			outputFileListPaths = (
			);
			outputPaths = (
				"$(DERIVED_FILE_DIR)/Pods-CryptocurrencyNews-APITests-checkManifestLockResult.txt",
			);
			runOnlyForDeploymentPostprocessing = 0;
			shellPath = /bin/sh;
			shellScript = "diff \"${PODS_PODFILE_DIR_PATH}/Podfile.lock\" \"${PODS_ROOT}/Manifest.lock\" > /dev/null\nif [ $? != 0 ] ; then\n    # print error to STDERR\n    echo \"error: The sandbox is not in sync with the Podfile.lock. Run 'pod install' or update your CocoaPods installation.\" >&2\n    exit 1\nfi\n# This output is used by Xcode 'outputs' to avoid re-running this script phase.\necho \"SUCCESS\" > \"${SCRIPT_OUTPUT_FILE_0}\"\n";
			showEnvVarsInLog = 0;
		};
		2485D82106BED24FECB59E5B /* [CP] Check Pods Manifest.lock */ = {
			isa = PBXShellScriptBuildPhase;
			buildActionMask = 2147483647;
			files = (
			);
			inputFileListPaths = (
			);
			inputPaths = (
				"${PODS_PODFILE_DIR_PATH}/Podfile.lock",
				"${PODS_ROOT}/Manifest.lock",
			);
			name = "[CP] Check Pods Manifest.lock";
			outputFileListPaths = (
			);
			outputPaths = (
				"$(DERIVED_FILE_DIR)/Pods-CryptocurrencyNews-checkManifestLockResult.txt",
			);
			runOnlyForDeploymentPostprocessing = 0;
			shellPath = /bin/sh;
			shellScript = "diff \"${PODS_PODFILE_DIR_PATH}/Podfile.lock\" \"${PODS_ROOT}/Manifest.lock\" > /dev/null\nif [ $? != 0 ] ; then\n    # print error to STDERR\n    echo \"error: The sandbox is not in sync with the Podfile.lock. Run 'pod install' or update your CocoaPods installation.\" >&2\n    exit 1\nfi\n# This output is used by Xcode 'outputs' to avoid re-running this script phase.\necho \"SUCCESS\" > \"${SCRIPT_OUTPUT_FILE_0}\"\n";
			showEnvVarsInLog = 0;
		};
		433C4563B9E6BF22B9480E1E /* [CP] Embed Pods Frameworks */ = {
			isa = PBXShellScriptBuildPhase;
			buildActionMask = 2147483647;
			files = (
			);
			inputPaths = (
				"${PODS_ROOT}/Target Support Files/Pods-CryptocurrencyNews-CryptocurrencyNewsTests/Pods-CryptocurrencyNews-CryptocurrencyNewsTests-frameworks.sh",
				"${BUILT_PRODUCTS_DIR}/Alamofire/Alamofire.framework",
				"${BUILT_PRODUCTS_DIR}/RxBlocking/RxBlocking.framework",
				"${BUILT_PRODUCTS_DIR}/RxCocoa/RxCocoa.framework",
				"${BUILT_PRODUCTS_DIR}/RxSwift/RxSwift.framework",
				"${PODS_ROOT}/../../shake-ios/Shake.framework",
				"${BUILT_PRODUCTS_DIR}/SnapKit/SnapKit.framework",
			);
			name = "[CP] Embed Pods Frameworks";
			outputPaths = (
				"${TARGET_BUILD_DIR}/${FRAMEWORKS_FOLDER_PATH}/Alamofire.framework",
				"${TARGET_BUILD_DIR}/${FRAMEWORKS_FOLDER_PATH}/RxBlocking.framework",
				"${TARGET_BUILD_DIR}/${FRAMEWORKS_FOLDER_PATH}/RxCocoa.framework",
				"${TARGET_BUILD_DIR}/${FRAMEWORKS_FOLDER_PATH}/RxSwift.framework",
				"${TARGET_BUILD_DIR}/${FRAMEWORKS_FOLDER_PATH}/Shake.framework",
				"${TARGET_BUILD_DIR}/${FRAMEWORKS_FOLDER_PATH}/SnapKit.framework",
			);
			runOnlyForDeploymentPostprocessing = 0;
			shellPath = /bin/sh;
			shellScript = "\"${PODS_ROOT}/Target Support Files/Pods-CryptocurrencyNews-CryptocurrencyNewsTests/Pods-CryptocurrencyNews-CryptocurrencyNewsTests-frameworks.sh\"\n";
			showEnvVarsInLog = 0;
		};
		749157409C1C4B7F6BBA04F5 /* [CP] Embed Pods Frameworks */ = {
			isa = PBXShellScriptBuildPhase;
			buildActionMask = 2147483647;
			files = (
			);
			inputPaths = (
				"${PODS_ROOT}/Target Support Files/Pods-CryptocurrencyNews/Pods-CryptocurrencyNews-frameworks.sh",
				"${BUILT_PRODUCTS_DIR}/Alamofire/Alamofire.framework",
				"${BUILT_PRODUCTS_DIR}/RxBlocking/RxBlocking.framework",
				"${BUILT_PRODUCTS_DIR}/RxCocoa/RxCocoa.framework",
				"${BUILT_PRODUCTS_DIR}/RxSwift/RxSwift.framework",
				"${PODS_ROOT}/../../shake-ios/Shake.framework",
				"${BUILT_PRODUCTS_DIR}/SnapKit/SnapKit.framework",
			);
			name = "[CP] Embed Pods Frameworks";
			outputPaths = (
				"${TARGET_BUILD_DIR}/${FRAMEWORKS_FOLDER_PATH}/Alamofire.framework",
				"${TARGET_BUILD_DIR}/${FRAMEWORKS_FOLDER_PATH}/RxBlocking.framework",
				"${TARGET_BUILD_DIR}/${FRAMEWORKS_FOLDER_PATH}/RxCocoa.framework",
				"${TARGET_BUILD_DIR}/${FRAMEWORKS_FOLDER_PATH}/RxSwift.framework",
				"${TARGET_BUILD_DIR}/${FRAMEWORKS_FOLDER_PATH}/Shake.framework",
				"${TARGET_BUILD_DIR}/${FRAMEWORKS_FOLDER_PATH}/SnapKit.framework",
			);
			runOnlyForDeploymentPostprocessing = 0;
			shellPath = /bin/sh;
			shellScript = "\"${PODS_ROOT}/Target Support Files/Pods-CryptocurrencyNews/Pods-CryptocurrencyNews-frameworks.sh\"\n";
			showEnvVarsInLog = 0;
		};
		9156C4E543809FF5F3051F88 /* [CP] Check Pods Manifest.lock */ = {
			isa = PBXShellScriptBuildPhase;
			buildActionMask = 2147483647;
			files = (
			);
			inputFileListPaths = (
			);
			inputPaths = (
				"${PODS_PODFILE_DIR_PATH}/Podfile.lock",
				"${PODS_ROOT}/Manifest.lock",
			);
			name = "[CP] Check Pods Manifest.lock";
			outputFileListPaths = (
			);
			outputPaths = (
				"$(DERIVED_FILE_DIR)/Pods-CryptocurrencyNews-CryptocurrencyNewsTests-checkManifestLockResult.txt",
			);
			runOnlyForDeploymentPostprocessing = 0;
			shellPath = /bin/sh;
			shellScript = "diff \"${PODS_PODFILE_DIR_PATH}/Podfile.lock\" \"${PODS_ROOT}/Manifest.lock\" > /dev/null\nif [ $? != 0 ] ; then\n    # print error to STDERR\n    echo \"error: The sandbox is not in sync with the Podfile.lock. Run 'pod install' or update your CocoaPods installation.\" >&2\n    exit 1\nfi\n# This output is used by Xcode 'outputs' to avoid re-running this script phase.\necho \"SUCCESS\" > \"${SCRIPT_OUTPUT_FILE_0}\"\n";
			showEnvVarsInLog = 0;
		};
		FB1B09E847AB3E4ABC11D398 /* [CP] Embed Pods Frameworks */ = {
			isa = PBXShellScriptBuildPhase;
			buildActionMask = 2147483647;
			files = (
			);
			inputPaths = (
				"${PODS_ROOT}/Target Support Files/Pods-CryptocurrencyNews-APITests/Pods-CryptocurrencyNews-APITests-frameworks.sh",
				"${BUILT_PRODUCTS_DIR}/Alamofire/Alamofire.framework",
				"${BUILT_PRODUCTS_DIR}/RxBlocking/RxBlocking.framework",
				"${BUILT_PRODUCTS_DIR}/RxCocoa/RxCocoa.framework",
				"${BUILT_PRODUCTS_DIR}/RxSwift/RxSwift.framework",
				"${PODS_ROOT}/../../shake-ios/Shake.framework",
				"${BUILT_PRODUCTS_DIR}/SnapKit/SnapKit.framework",
			);
			name = "[CP] Embed Pods Frameworks";
			outputPaths = (
				"${TARGET_BUILD_DIR}/${FRAMEWORKS_FOLDER_PATH}/Alamofire.framework",
				"${TARGET_BUILD_DIR}/${FRAMEWORKS_FOLDER_PATH}/RxBlocking.framework",
				"${TARGET_BUILD_DIR}/${FRAMEWORKS_FOLDER_PATH}/RxCocoa.framework",
				"${TARGET_BUILD_DIR}/${FRAMEWORKS_FOLDER_PATH}/RxSwift.framework",
				"${TARGET_BUILD_DIR}/${FRAMEWORKS_FOLDER_PATH}/Shake.framework",
				"${TARGET_BUILD_DIR}/${FRAMEWORKS_FOLDER_PATH}/SnapKit.framework",
			);
			runOnlyForDeploymentPostprocessing = 0;
			shellPath = /bin/sh;
			shellScript = "\"${PODS_ROOT}/Target Support Files/Pods-CryptocurrencyNews-APITests/Pods-CryptocurrencyNews-APITests-frameworks.sh\"\n";
			showEnvVarsInLog = 0;
		};
/* End PBXShellScriptBuildPhase section */

/* Begin PBXSourcesBuildPhase section */
		650120DB1F9DCA1200537214 /* Sources */ = {
			isa = PBXSourcesBuildPhase;
			buildActionMask = 2147483647;
			files = (
				65BEF99F1FA07D68005B6389 /* UIViewController+Extension.swift in Sources */,
				65C61B561F9DD9B7002F87F6 /* NewsVMProtocol.swift in Sources */,
				655A751F1F9DDB170011C2BE /* InformationVM.swift in Sources */,
				65C61B581F9DD9D4002F87F6 /* NewsView.swift in Sources */,
				6584D8071FA1C7DA00FA0E46 /* FullScreenLoaderVC.swift in Sources */,
				6551C7AE1FA8A14500978C13 /* UINavigationBar+Extension.swift in Sources */,
				65BEF99D1FA07CB4005B6389 /* NSObject+Extension.swift in Sources */,
				65C61B4E1F9DCF6F002F87F6 /* Coordinator.swift in Sources */,
				65BEF9911F9F730C005B6389 /* UIColor+Extension.swift in Sources */,
				655A75211F9DDB2C0011C2BE /* InformationVMProtocol.swift in Sources */,
				65DD0F5C1F9F306F00CC665A /* NewsVMMock.swift in Sources */,
				65BEF9A31FA07F03005B6389 /* SettingsVC.swift in Sources */,
				650120E31F9DCA1200537214 /* AppDelegate.swift in Sources */,
				65BEF9A51FA07F0A005B6389 /* SettingsVM.swift in Sources */,
				65BEF9A71FA07F11005B6389 /* SettingsVMProtocol.swift in Sources */,
				655A751D1F9DDAF70011C2BE /* InformationVC.swift in Sources */,
				65C61B4A1F9DCF1B002F87F6 /* Colors.swift in Sources */,
				6551C7AC1FA8803F00978C13 /* MainTabBarController.swift in Sources */,
				65C61B481F9DCF10002F87F6 /* Images.swift in Sources */,
				65BEF9931F9F73C6005B6389 /* UITableView+Extension.swift in Sources */,
				655A75231F9DDB3E0011C2BE /* InformationView.swift in Sources */,
				654A7AE01F9E05EF00F27A1D /* NewsCell.swift in Sources */,
				65BEF9951F9F7408005B6389 /* ReusableView.swift in Sources */,
				654A7ADD1F9E00D500F27A1D /* StoryboardComplatible.swift in Sources */,
				65BEF9A91FA07F19005B6389 /* SettingsTableView.swift in Sources */,
				65D823F61FA92520003BFFAF /* InputAccessoryView.swift in Sources */,
				6551C7AA1FA87C9100978C13 /* Fonts.swift in Sources */,
				653680121FAC616B005BEC27 /* InternetConnectionManager.swift in Sources */,
				65BEF9991FA07C6E005B6389 /* CryptocurrencyCoordinator.swift in Sources */,
				65BEF9971F9F7413005B6389 /* NibLoadableView.swift in Sources */,
				65C61B521F9DD99B002F87F6 /* NewsVC.swift in Sources */,
				65BEF99B1FA07C7B005B6389 /* SettingsCoordinator.swift in Sources */,
				652B2E671FA277A300E6CE28 /* TableViewEmptyStateView.swift in Sources */,
				6584D8051FA1C73E00FA0E46 /* UISearchBar+Extension.swift in Sources */,
				6557F4411FA733070051E382 /* CryptocurrencyManager.swift in Sources */,
				65ABFE1F1FABB4AE008686AA /* InformationCell.swift in Sources */,
				65DD0F5A1F9F2A8F00CC665A /* MainCoordinator.swift in Sources */,
				65D823F81FA92FEC003BFFAF /* UITextField+Extension.swift in Sources */,
				65C61B541F9DD9AA002F87F6 /* NewsVM.swift in Sources */,
			);
			runOnlyForDeploymentPostprocessing = 0;
		};
		650A5BDB1FA91A030091A98C /* Sources */ = {
			isa = PBXSourcesBuildPhase;
			buildActionMask = 2147483647;
			files = (
				650A5BEE1FA91A230091A98C /* FiatCurrency.swift in Sources */,
				65A49EE91FB193980057330F /* Cryptocurrency.swift in Sources */,
			);
			runOnlyForDeploymentPostprocessing = 0;
		};
		65CEE4591FB1019E004A0B81 /* Sources */ = {
			isa = PBXSourcesBuildPhase;
			buildActionMask = 2147483647;
			files = (
				6551C7D11FB107640078247C /* InformationVMTests.swift in Sources */,
				65CEE4691FB10241004A0B81 /* CryptocurrencyManagerMock.swift in Sources */,
				657142411FB1030C00B6A1F4 /* NewsVMTests.swift in Sources */,
			);
			runOnlyForDeploymentPostprocessing = 0;
		};
		65DD0F3B1F9F253E00CC665A /* Sources */ = {
			isa = PBXSourcesBuildPhase;
			buildActionMask = 2147483647;
			files = (
				65DD0F501F9F257F00CC665A /* Router.swift in Sources */,
				659CB7DC1FA32A7B000B03F2 /* Connector+CryptocurrencyType.swift in Sources */,
				659CB7D81FA3281F000B03F2 /* Cryptocurrency+Extension.swift in Sources */,
				65DD0F4E1F9F257800CC665A /* Connector.swift in Sources */,
				65DD0F561F9F25C900CC665A /* APIError.swift in Sources */,
				65DD0F581F9F25D200CC665A /* APIResult.swift in Sources */,
			);
			runOnlyForDeploymentPostprocessing = 0;
		};
		65E531F41FB0FADF0054458F /* Sources */ = {
			isa = PBXSourcesBuildPhase;
			buildActionMask = 2147483647;
			files = (
				65E531FB1FB0FADF0054458F /* APITests.swift in Sources */,
				6562A3241FB0FB5500FE666F /* ConnectorTests.swift in Sources */,
				6512ECE41FB0FCCB00517453 /* CryptocurrencyTests.swift in Sources */,
			);
			runOnlyForDeploymentPostprocessing = 0;
		};
/* End PBXSourcesBuildPhase section */

/* Begin PBXTargetDependency section */
		650A5BE61FA91A030091A98C /* PBXTargetDependency */ = {
			isa = PBXTargetDependency;
			target = 650A5BDF1FA91A030091A98C /* Defines */;
			targetProxy = 650A5BE51FA91A030091A98C /* PBXContainerItemProxy */;
		};
		65CEE4631FB1019E004A0B81 /* PBXTargetDependency */ = {
			isa = PBXTargetDependency;
			target = 650120DE1F9DCA1200537214 /* CryptocurrencyNews */;
			targetProxy = 65CEE4621FB1019E004A0B81 /* PBXContainerItemProxy */;
		};
		65DD0F461F9F253E00CC665A /* PBXTargetDependency */ = {
			isa = PBXTargetDependency;
			target = 65DD0F3F1F9F253E00CC665A /* API */;
			targetProxy = 65DD0F451F9F253E00CC665A /* PBXContainerItemProxy */;
		};
		65E531FF1FB0FADF0054458F /* PBXTargetDependency */ = {
			isa = PBXTargetDependency;
			target = 65DD0F3F1F9F253E00CC665A /* API */;
			targetProxy = 65E531FE1FB0FADF0054458F /* PBXContainerItemProxy */;
		};
/* End PBXTargetDependency section */

/* Begin PBXVariantGroup section */
		650120EB1F9DCA1200537214 /* LaunchScreen.storyboard */ = {
			isa = PBXVariantGroup;
			children = (
				650120EC1F9DCA1200537214 /* Base */,
			);
			name = LaunchScreen.storyboard;
			sourceTree = "<group>";
		};
/* End PBXVariantGroup section */

/* Begin XCBuildConfiguration section */
		650120EF1F9DCA1200537214 /* Debug */ = {
			isa = XCBuildConfiguration;
			buildSettings = {
				ALWAYS_SEARCH_USER_PATHS = NO;
				CLANG_ANALYZER_NONNULL = YES;
				CLANG_ANALYZER_NUMBER_OBJECT_CONVERSION = YES_AGGRESSIVE;
				CLANG_CXX_LANGUAGE_STANDARD = "gnu++14";
				CLANG_CXX_LIBRARY = "libc++";
				CLANG_ENABLE_MODULES = YES;
				CLANG_ENABLE_OBJC_ARC = YES;
				CLANG_WARN_BLOCK_CAPTURE_AUTORELEASING = YES;
				CLANG_WARN_BOOL_CONVERSION = YES;
				CLANG_WARN_COMMA = YES;
				CLANG_WARN_CONSTANT_CONVERSION = YES;
				CLANG_WARN_DIRECT_OBJC_ISA_USAGE = YES_ERROR;
				CLANG_WARN_DOCUMENTATION_COMMENTS = YES;
				CLANG_WARN_EMPTY_BODY = YES;
				CLANG_WARN_ENUM_CONVERSION = YES;
				CLANG_WARN_INFINITE_RECURSION = YES;
				CLANG_WARN_INT_CONVERSION = YES;
				CLANG_WARN_NON_LITERAL_NULL_CONVERSION = YES;
				CLANG_WARN_OBJC_LITERAL_CONVERSION = YES;
				CLANG_WARN_OBJC_ROOT_CLASS = YES_ERROR;
				CLANG_WARN_RANGE_LOOP_ANALYSIS = YES;
				CLANG_WARN_STRICT_PROTOTYPES = YES;
				CLANG_WARN_SUSPICIOUS_MOVE = YES;
				CLANG_WARN_UNGUARDED_AVAILABILITY = YES_AGGRESSIVE;
				CLANG_WARN_UNREACHABLE_CODE = YES;
				CLANG_WARN__DUPLICATE_METHOD_MATCH = YES;
				CODE_SIGN_IDENTITY = "iPhone Developer";
				COPY_PHASE_STRIP = NO;
				DEBUG_INFORMATION_FORMAT = dwarf;
				ENABLE_STRICT_OBJC_MSGSEND = YES;
				ENABLE_TESTABILITY = YES;
				GCC_C_LANGUAGE_STANDARD = gnu11;
				GCC_DYNAMIC_NO_PIC = NO;
				GCC_NO_COMMON_BLOCKS = YES;
				GCC_OPTIMIZATION_LEVEL = 0;
				GCC_PREPROCESSOR_DEFINITIONS = (
					"DEBUG=1",
					"$(inherited)",
				);
				GCC_WARN_64_TO_32_BIT_CONVERSION = YES;
				GCC_WARN_ABOUT_RETURN_TYPE = YES_ERROR;
				GCC_WARN_UNDECLARED_SELECTOR = YES;
				GCC_WARN_UNINITIALIZED_AUTOS = YES_AGGRESSIVE;
				GCC_WARN_UNUSED_FUNCTION = YES;
				GCC_WARN_UNUSED_VARIABLE = YES;
				IPHONEOS_DEPLOYMENT_TARGET = 11.0;
				MTL_ENABLE_DEBUG_INFO = YES;
				ONLY_ACTIVE_ARCH = YES;
				SDKROOT = iphoneos;
				SWIFT_ACTIVE_COMPILATION_CONDITIONS = DEBUG;
				SWIFT_OPTIMIZATION_LEVEL = "-Onone";
			};
			name = Debug;
		};
		650120F01F9DCA1200537214 /* Release */ = {
			isa = XCBuildConfiguration;
			buildSettings = {
				ALWAYS_SEARCH_USER_PATHS = NO;
				CLANG_ANALYZER_NONNULL = YES;
				CLANG_ANALYZER_NUMBER_OBJECT_CONVERSION = YES_AGGRESSIVE;
				CLANG_CXX_LANGUAGE_STANDARD = "gnu++14";
				CLANG_CXX_LIBRARY = "libc++";
				CLANG_ENABLE_MODULES = YES;
				CLANG_ENABLE_OBJC_ARC = YES;
				CLANG_WARN_BLOCK_CAPTURE_AUTORELEASING = YES;
				CLANG_WARN_BOOL_CONVERSION = YES;
				CLANG_WARN_COMMA = YES;
				CLANG_WARN_CONSTANT_CONVERSION = YES;
				CLANG_WARN_DIRECT_OBJC_ISA_USAGE = YES_ERROR;
				CLANG_WARN_DOCUMENTATION_COMMENTS = YES;
				CLANG_WARN_EMPTY_BODY = YES;
				CLANG_WARN_ENUM_CONVERSION = YES;
				CLANG_WARN_INFINITE_RECURSION = YES;
				CLANG_WARN_INT_CONVERSION = YES;
				CLANG_WARN_NON_LITERAL_NULL_CONVERSION = YES;
				CLANG_WARN_OBJC_LITERAL_CONVERSION = YES;
				CLANG_WARN_OBJC_ROOT_CLASS = YES_ERROR;
				CLANG_WARN_RANGE_LOOP_ANALYSIS = YES;
				CLANG_WARN_STRICT_PROTOTYPES = YES;
				CLANG_WARN_SUSPICIOUS_MOVE = YES;
				CLANG_WARN_UNGUARDED_AVAILABILITY = YES_AGGRESSIVE;
				CLANG_WARN_UNREACHABLE_CODE = YES;
				CLANG_WARN__DUPLICATE_METHOD_MATCH = YES;
				CODE_SIGN_IDENTITY = "iPhone Developer";
				COPY_PHASE_STRIP = NO;
				DEBUG_INFORMATION_FORMAT = "dwarf-with-dsym";
				ENABLE_NS_ASSERTIONS = NO;
				ENABLE_STRICT_OBJC_MSGSEND = YES;
				GCC_C_LANGUAGE_STANDARD = gnu11;
				GCC_NO_COMMON_BLOCKS = YES;
				GCC_WARN_64_TO_32_BIT_CONVERSION = YES;
				GCC_WARN_ABOUT_RETURN_TYPE = YES_ERROR;
				GCC_WARN_UNDECLARED_SELECTOR = YES;
				GCC_WARN_UNINITIALIZED_AUTOS = YES_AGGRESSIVE;
				GCC_WARN_UNUSED_FUNCTION = YES;
				GCC_WARN_UNUSED_VARIABLE = YES;
				IPHONEOS_DEPLOYMENT_TARGET = 11.0;
				MTL_ENABLE_DEBUG_INFO = NO;
				SDKROOT = iphoneos;
				SWIFT_OPTIMIZATION_LEVEL = "-Owholemodule";
				VALIDATE_PRODUCT = YES;
			};
			name = Release;
		};
		650120F21F9DCA1200537214 /* Debug */ = {
			isa = XCBuildConfiguration;
			baseConfigurationReference = E5E7569566522A580633148E /* Pods-CryptocurrencyNews.debug.xcconfig */;
			buildSettings = {
				ALWAYS_EMBED_SWIFT_STANDARD_LIBRARIES = YES;
				ASSETCATALOG_COMPILER_APPICON_NAME = AppIcon;
				CODE_SIGN_STYLE = Automatic;
				DEVELOPMENT_TEAM = Y8Z27FN9Z7;
				INFOPLIST_FILE = CryptocurrencyNews/Info.plist;
				IPHONEOS_DEPLOYMENT_TARGET = 10.0;
				LD_RUNPATH_SEARCH_PATHS = "$(inherited) @executable_path/Frameworks";
				PRODUCT_BUNDLE_IDENTIFIER = delivuk.kristijan.CryptocurrencyNews;
				PRODUCT_NAME = "$(TARGET_NAME)";
				SWIFT_VERSION = 4.0;
				TARGETED_DEVICE_FAMILY = 1;
			};
			name = Debug;
		};
		650120F31F9DCA1200537214 /* Release */ = {
			isa = XCBuildConfiguration;
			baseConfigurationReference = 35A335332CA006F4B1EC9AD5 /* Pods-CryptocurrencyNews.release.xcconfig */;
			buildSettings = {
				ALWAYS_EMBED_SWIFT_STANDARD_LIBRARIES = YES;
				ASSETCATALOG_COMPILER_APPICON_NAME = AppIcon;
				CODE_SIGN_STYLE = Automatic;
				DEVELOPMENT_TEAM = Y8Z27FN9Z7;
				INFOPLIST_FILE = CryptocurrencyNews/Info.plist;
				IPHONEOS_DEPLOYMENT_TARGET = 10.0;
				LD_RUNPATH_SEARCH_PATHS = "$(inherited) @executable_path/Frameworks";
				PRODUCT_BUNDLE_IDENTIFIER = delivuk.kristijan.CryptocurrencyNews;
				PRODUCT_NAME = "$(TARGET_NAME)";
				SWIFT_VERSION = 4.0;
				TARGETED_DEVICE_FAMILY = 1;
			};
			name = Release;
		};
		650A5BE91FA91A030091A98C /* Debug */ = {
			isa = XCBuildConfiguration;
			buildSettings = {
				CLANG_ENABLE_MODULES = YES;
				CODE_SIGN_IDENTITY = "";
				CODE_SIGN_STYLE = Automatic;
				CURRENT_PROJECT_VERSION = 1;
				DEFINES_MODULE = YES;
				DEVELOPMENT_TEAM = 6UL4L5EFF2;
				DYLIB_COMPATIBILITY_VERSION = 1;
				DYLIB_CURRENT_VERSION = 1;
				DYLIB_INSTALL_NAME_BASE = "@rpath";
				INFOPLIST_FILE = Defines/Info.plist;
				INSTALL_PATH = "$(LOCAL_LIBRARY_DIR)/Frameworks";
				IPHONEOS_DEPLOYMENT_TARGET = 10.0;
				LD_RUNPATH_SEARCH_PATHS = "$(inherited) @executable_path/Frameworks @loader_path/Frameworks";
				PRODUCT_BUNDLE_IDENTIFIER = delivuk.kristijan.Defines;
				PRODUCT_NAME = "$(TARGET_NAME:c99extidentifier)";
				SKIP_INSTALL = YES;
				SWIFT_OPTIMIZATION_LEVEL = "-Onone";
				SWIFT_VERSION = 4.0;
				TARGETED_DEVICE_FAMILY = "1,2";
				VERSIONING_SYSTEM = "apple-generic";
				VERSION_INFO_PREFIX = "";
			};
			name = Debug;
		};
		650A5BEA1FA91A030091A98C /* Release */ = {
			isa = XCBuildConfiguration;
			buildSettings = {
				CLANG_ENABLE_MODULES = YES;
				CODE_SIGN_IDENTITY = "";
				CODE_SIGN_STYLE = Automatic;
				CURRENT_PROJECT_VERSION = 1;
				DEFINES_MODULE = YES;
				DEVELOPMENT_TEAM = 6UL4L5EFF2;
				DYLIB_COMPATIBILITY_VERSION = 1;
				DYLIB_CURRENT_VERSION = 1;
				DYLIB_INSTALL_NAME_BASE = "@rpath";
				INFOPLIST_FILE = Defines/Info.plist;
				INSTALL_PATH = "$(LOCAL_LIBRARY_DIR)/Frameworks";
				IPHONEOS_DEPLOYMENT_TARGET = 10.0;
				LD_RUNPATH_SEARCH_PATHS = "$(inherited) @executable_path/Frameworks @loader_path/Frameworks";
				PRODUCT_BUNDLE_IDENTIFIER = delivuk.kristijan.Defines;
				PRODUCT_NAME = "$(TARGET_NAME:c99extidentifier)";
				SKIP_INSTALL = YES;
				SWIFT_VERSION = 4.0;
				TARGETED_DEVICE_FAMILY = "1,2";
				VERSIONING_SYSTEM = "apple-generic";
				VERSION_INFO_PREFIX = "";
			};
			name = Release;
		};
		65CEE4641FB1019E004A0B81 /* Debug */ = {
			isa = XCBuildConfiguration;
			baseConfigurationReference = 7FAD7578AA51A1DFFC345A07 /* Pods-CryptocurrencyNews-CryptocurrencyNewsTests.debug.xcconfig */;
			buildSettings = {
				BUNDLE_LOADER = "$(TEST_HOST)";
				CODE_SIGN_STYLE = Automatic;
				DEVELOPMENT_TEAM = 6UL4L5EFF2;
				INFOPLIST_FILE = CryptocurrencyNewsTests/Info.plist;
				IPHONEOS_DEPLOYMENT_TARGET = 11.1;
				LD_RUNPATH_SEARCH_PATHS = "$(inherited) @executable_path/Frameworks @loader_path/Frameworks";
				PRODUCT_BUNDLE_IDENTIFIER = delivuk.kristijan.CryptocurrencyNewsTests;
				PRODUCT_NAME = "$(TARGET_NAME)";
				SWIFT_VERSION = 4.0;
				TARGETED_DEVICE_FAMILY = "1,2";
				TEST_HOST = "$(BUILT_PRODUCTS_DIR)/CryptocurrencyNews.app/CryptocurrencyNews";
			};
			name = Debug;
		};
		65CEE4651FB1019E004A0B81 /* Release */ = {
			isa = XCBuildConfiguration;
			baseConfigurationReference = 826912FCA0FEA2192A43C148 /* Pods-CryptocurrencyNews-CryptocurrencyNewsTests.release.xcconfig */;
			buildSettings = {
				BUNDLE_LOADER = "$(TEST_HOST)";
				CODE_SIGN_STYLE = Automatic;
				DEVELOPMENT_TEAM = 6UL4L5EFF2;
				INFOPLIST_FILE = CryptocurrencyNewsTests/Info.plist;
				IPHONEOS_DEPLOYMENT_TARGET = 11.1;
				LD_RUNPATH_SEARCH_PATHS = "$(inherited) @executable_path/Frameworks @loader_path/Frameworks";
				PRODUCT_BUNDLE_IDENTIFIER = delivuk.kristijan.CryptocurrencyNewsTests;
				PRODUCT_NAME = "$(TARGET_NAME)";
				SWIFT_VERSION = 4.0;
				TARGETED_DEVICE_FAMILY = "1,2";
				TEST_HOST = "$(BUILT_PRODUCTS_DIR)/CryptocurrencyNews.app/CryptocurrencyNews";
			};
			name = Release;
		};
		65DD0F491F9F253E00CC665A /* Debug */ = {
			isa = XCBuildConfiguration;
			baseConfigurationReference = 88FBB59F4E5B3260435EFB61 /* Pods-CryptocurrencyNews-API.debug.xcconfig */;
			buildSettings = {
				CLANG_ENABLE_MODULES = YES;
				CODE_SIGN_IDENTITY = "";
				CODE_SIGN_STYLE = Automatic;
				CURRENT_PROJECT_VERSION = 1;
				DEFINES_MODULE = YES;
				DYLIB_COMPATIBILITY_VERSION = 1;
				DYLIB_CURRENT_VERSION = 1;
				DYLIB_INSTALL_NAME_BASE = "@rpath";
				INFOPLIST_FILE = API/Info.plist;
				INSTALL_PATH = "$(LOCAL_LIBRARY_DIR)/Frameworks";
				IPHONEOS_DEPLOYMENT_TARGET = 10.0;
				LD_RUNPATH_SEARCH_PATHS = "$(inherited) @executable_path/Frameworks @loader_path/Frameworks";
				PRODUCT_BUNDLE_IDENTIFIER = delivuk.kristijan.API;
				PRODUCT_NAME = "$(TARGET_NAME:c99extidentifier)";
				SKIP_INSTALL = YES;
				SWIFT_OPTIMIZATION_LEVEL = "-Onone";
				SWIFT_VERSION = 4.0;
				TARGETED_DEVICE_FAMILY = "1,2";
				VERSIONING_SYSTEM = "apple-generic";
				VERSION_INFO_PREFIX = "";
			};
			name = Debug;
		};
		65DD0F4A1F9F253E00CC665A /* Release */ = {
			isa = XCBuildConfiguration;
			baseConfigurationReference = 38E953DB15DD56BF961C1667 /* Pods-CryptocurrencyNews-API.release.xcconfig */;
			buildSettings = {
				CLANG_ENABLE_MODULES = YES;
				CODE_SIGN_IDENTITY = "";
				CODE_SIGN_STYLE = Automatic;
				CURRENT_PROJECT_VERSION = 1;
				DEFINES_MODULE = YES;
				DYLIB_COMPATIBILITY_VERSION = 1;
				DYLIB_CURRENT_VERSION = 1;
				DYLIB_INSTALL_NAME_BASE = "@rpath";
				INFOPLIST_FILE = API/Info.plist;
				INSTALL_PATH = "$(LOCAL_LIBRARY_DIR)/Frameworks";
				IPHONEOS_DEPLOYMENT_TARGET = 10.0;
				LD_RUNPATH_SEARCH_PATHS = "$(inherited) @executable_path/Frameworks @loader_path/Frameworks";
				PRODUCT_BUNDLE_IDENTIFIER = delivuk.kristijan.API;
				PRODUCT_NAME = "$(TARGET_NAME:c99extidentifier)";
				SKIP_INSTALL = YES;
				SWIFT_VERSION = 4.0;
				TARGETED_DEVICE_FAMILY = "1,2";
				VERSIONING_SYSTEM = "apple-generic";
				VERSION_INFO_PREFIX = "";
			};
			name = Release;
		};
		65E532001FB0FADF0054458F /* Debug */ = {
			isa = XCBuildConfiguration;
			baseConfigurationReference = 6A1181B324BF9BAD4795D83F /* Pods-CryptocurrencyNews-APITests.debug.xcconfig */;
			buildSettings = {
				CODE_SIGN_STYLE = Automatic;
				DEVELOPMENT_TEAM = 6UL4L5EFF2;
				INFOPLIST_FILE = APITests/Info.plist;
				IPHONEOS_DEPLOYMENT_TARGET = 11.1;
				LD_RUNPATH_SEARCH_PATHS = "$(inherited) @executable_path/Frameworks @loader_path/Frameworks";
				PRODUCT_BUNDLE_IDENTIFIER = delivuk.kristijan.APITests;
				PRODUCT_NAME = "$(TARGET_NAME)";
				SWIFT_VERSION = 4.0;
				TARGETED_DEVICE_FAMILY = "1,2";
			};
			name = Debug;
		};
		65E532011FB0FADF0054458F /* Release */ = {
			isa = XCBuildConfiguration;
			baseConfigurationReference = A5C3574AC7089F647970821C /* Pods-CryptocurrencyNews-APITests.release.xcconfig */;
			buildSettings = {
				CODE_SIGN_STYLE = Automatic;
				DEVELOPMENT_TEAM = 6UL4L5EFF2;
				INFOPLIST_FILE = APITests/Info.plist;
				IPHONEOS_DEPLOYMENT_TARGET = 11.1;
				LD_RUNPATH_SEARCH_PATHS = "$(inherited) @executable_path/Frameworks @loader_path/Frameworks";
				PRODUCT_BUNDLE_IDENTIFIER = delivuk.kristijan.APITests;
				PRODUCT_NAME = "$(TARGET_NAME)";
				SWIFT_VERSION = 4.0;
				TARGETED_DEVICE_FAMILY = "1,2";
			};
			name = Release;
		};
/* End XCBuildConfiguration section */

/* Begin XCConfigurationList section */
		650120DA1F9DCA1200537214 /* Build configuration list for PBXProject "CryptocurrencyNews" */ = {
			isa = XCConfigurationList;
			buildConfigurations = (
				650120EF1F9DCA1200537214 /* Debug */,
				650120F01F9DCA1200537214 /* Release */,
			);
			defaultConfigurationIsVisible = 0;
			defaultConfigurationName = Release;
		};
		650120F11F9DCA1200537214 /* Build configuration list for PBXNativeTarget "CryptocurrencyNews" */ = {
			isa = XCConfigurationList;
			buildConfigurations = (
				650120F21F9DCA1200537214 /* Debug */,
				650120F31F9DCA1200537214 /* Release */,
			);
			defaultConfigurationIsVisible = 0;
			defaultConfigurationName = Release;
		};
		650A5BEB1FA91A030091A98C /* Build configuration list for PBXNativeTarget "Defines" */ = {
			isa = XCConfigurationList;
			buildConfigurations = (
				650A5BE91FA91A030091A98C /* Debug */,
				650A5BEA1FA91A030091A98C /* Release */,
			);
			defaultConfigurationIsVisible = 0;
			defaultConfigurationName = Release;
		};
		65CEE4661FB1019E004A0B81 /* Build configuration list for PBXNativeTarget "CryptocurrencyNewsTests" */ = {
			isa = XCConfigurationList;
			buildConfigurations = (
				65CEE4641FB1019E004A0B81 /* Debug */,
				65CEE4651FB1019E004A0B81 /* Release */,
			);
			defaultConfigurationIsVisible = 0;
			defaultConfigurationName = Release;
		};
		65DD0F4B1F9F253E00CC665A /* Build configuration list for PBXNativeTarget "API" */ = {
			isa = XCConfigurationList;
			buildConfigurations = (
				65DD0F491F9F253E00CC665A /* Debug */,
				65DD0F4A1F9F253E00CC665A /* Release */,
			);
			defaultConfigurationIsVisible = 0;
			defaultConfigurationName = Release;
		};
		65E532021FB0FAE00054458F /* Build configuration list for PBXNativeTarget "APITests" */ = {
			isa = XCConfigurationList;
			buildConfigurations = (
				65E532001FB0FADF0054458F /* Debug */,
				65E532011FB0FADF0054458F /* Release */,
			);
			defaultConfigurationIsVisible = 0;
			defaultConfigurationName = Release;
		};
/* End XCConfigurationList section */
	};
	rootObject = 650120D71F9DCA1200537214 /* Project object */;
}
