// !$*UTF8*$!
{
	archiveVersion = 1;
	classes = {
	};
	objectVersion = 48;
	objects = {

/* Begin PBXBuildFile section */
		650120E31F9DCA1200537214 /* AppDelegate.swift in Sources */ = {isa = PBXBuildFile; fileRef = 650120E21F9DCA1200537214 /* AppDelegate.swift */; };
		650120EA1F9DCA1200537214 /* Assets.xcassets in Resources */ = {isa = PBXBuildFile; fileRef = 650120E91F9DCA1200537214 /* Assets.xcassets */; };
		650120ED1F9DCA1200537214 /* LaunchScreen.storyboard in Resources */ = {isa = PBXBuildFile; fileRef = 650120EB1F9DCA1200537214 /* LaunchScreen.storyboard */; };
		654A7AD91F9DDD4E00F27A1D /* InformationVC.storyboard in Resources */ = {isa = PBXBuildFile; fileRef = 654A7AD81F9DDD4E00F27A1D /* InformationVC.storyboard */; };
		654A7ADD1F9E00D500F27A1D /* StoryboardComplatible.swift in Sources */ = {isa = PBXBuildFile; fileRef = 654A7ADC1F9E00D500F27A1D /* StoryboardComplatible.swift */; };
		655A751D1F9DDAF70011C2BE /* InformationVC.swift in Sources */ = {isa = PBXBuildFile; fileRef = 655A751C1F9DDAF70011C2BE /* InformationVC.swift */; };
		655A751F1F9DDB170011C2BE /* InformationVM.swift in Sources */ = {isa = PBXBuildFile; fileRef = 655A751E1F9DDB170011C2BE /* InformationVM.swift */; };
		655A75211F9DDB2C0011C2BE /* InformationVMProtocol.swift in Sources */ = {isa = PBXBuildFile; fileRef = 655A75201F9DDB2C0011C2BE /* InformationVMProtocol.swift */; };
		655A75231F9DDB3E0011C2BE /* InformationView.swift in Sources */ = {isa = PBXBuildFile; fileRef = 655A75221F9DDB3E0011C2BE /* InformationView.swift */; };
		65C61B481F9DCF10002F87F6 /* Images.swift in Sources */ = {isa = PBXBuildFile; fileRef = 65C61B471F9DCF10002F87F6 /* Images.swift */; };
		65C61B4A1F9DCF1B002F87F6 /* Colors.swift in Sources */ = {isa = PBXBuildFile; fileRef = 65C61B491F9DCF1B002F87F6 /* Colors.swift */; };
		65C61B4E1F9DCF6F002F87F6 /* Coordinator.swift in Sources */ = {isa = PBXBuildFile; fileRef = 65C61B4D1F9DCF6F002F87F6 /* Coordinator.swift */; };
		65C61B521F9DD99B002F87F6 /* NewsVC.swift in Sources */ = {isa = PBXBuildFile; fileRef = 65C61B511F9DD99B002F87F6 /* NewsVC.swift */; };
		65C61B541F9DD9AA002F87F6 /* NewsVM.swift in Sources */ = {isa = PBXBuildFile; fileRef = 65C61B531F9DD9AA002F87F6 /* NewsVM.swift */; };
		65C61B561F9DD9B7002F87F6 /* NewsVMProtocol.swift in Sources */ = {isa = PBXBuildFile; fileRef = 65C61B551F9DD9B7002F87F6 /* NewsVMProtocol.swift */; };
		65C61B581F9DD9D4002F87F6 /* NewsView.swift in Sources */ = {isa = PBXBuildFile; fileRef = 65C61B571F9DD9D4002F87F6 /* NewsView.swift */; };
		65C61B5A1F9DD9DF002F87F6 /* NewsVC.storyboard in Resources */ = {isa = PBXBuildFile; fileRef = 65C61B591F9DD9DF002F87F6 /* NewsVC.storyboard */; };
		B38072ADA15D7A4A7C29FB77 /* Pods_CryptocurrencyNews.framework in Frameworks */ = {isa = PBXBuildFile; fileRef = C3FD0AD5C10F1F52E9DD5623 /* Pods_CryptocurrencyNews.framework */; };
/* End PBXBuildFile section */

/* Begin PBXFileReference section */
		650120DF1F9DCA1200537214 /* CryptocurrencyNews.app */ = {isa = PBXFileReference; explicitFileType = wrapper.application; includeInIndex = 0; path = CryptocurrencyNews.app; sourceTree = BUILT_PRODUCTS_DIR; };
		650120E21F9DCA1200537214 /* AppDelegate.swift */ = {isa = PBXFileReference; lastKnownFileType = sourcecode.swift; path = AppDelegate.swift; sourceTree = "<group>"; };
		650120E91F9DCA1200537214 /* Assets.xcassets */ = {isa = PBXFileReference; lastKnownFileType = folder.assetcatalog; path = Assets.xcassets; sourceTree = "<group>"; };
		650120EC1F9DCA1200537214 /* Base */ = {isa = PBXFileReference; lastKnownFileType = file.storyboard; name = Base; path = Base.lproj/LaunchScreen.storyboard; sourceTree = "<group>"; };
		650120EE1F9DCA1200537214 /* Info.plist */ = {isa = PBXFileReference; lastKnownFileType = text.plist.xml; path = Info.plist; sourceTree = "<group>"; };
		654A7AD81F9DDD4E00F27A1D /* InformationVC.storyboard */ = {isa = PBXFileReference; lastKnownFileType = file.storyboard; path = InformationVC.storyboard; sourceTree = "<group>"; };
		654A7ADC1F9E00D500F27A1D /* StoryboardComplatible.swift */ = {isa = PBXFileReference; lastKnownFileType = sourcecode.swift; path = StoryboardComplatible.swift; sourceTree = "<group>"; };
		655A751C1F9DDAF70011C2BE /* InformationVC.swift */ = {isa = PBXFileReference; lastKnownFileType = sourcecode.swift; path = InformationVC.swift; sourceTree = "<group>"; };
		655A751E1F9DDB170011C2BE /* InformationVM.swift */ = {isa = PBXFileReference; lastKnownFileType = sourcecode.swift; path = InformationVM.swift; sourceTree = "<group>"; };
		655A75201F9DDB2C0011C2BE /* InformationVMProtocol.swift */ = {isa = PBXFileReference; lastKnownFileType = sourcecode.swift; path = InformationVMProtocol.swift; sourceTree = "<group>"; };
		655A75221F9DDB3E0011C2BE /* InformationView.swift */ = {isa = PBXFileReference; lastKnownFileType = sourcecode.swift; path = InformationView.swift; sourceTree = "<group>"; };
		65C61B471F9DCF10002F87F6 /* Images.swift */ = {isa = PBXFileReference; lastKnownFileType = sourcecode.swift; path = Images.swift; sourceTree = "<group>"; };
		65C61B491F9DCF1B002F87F6 /* Colors.swift */ = {isa = PBXFileReference; lastKnownFileType = sourcecode.swift; path = Colors.swift; sourceTree = "<group>"; };
		65C61B4D1F9DCF6F002F87F6 /* Coordinator.swift */ = {isa = PBXFileReference; lastKnownFileType = sourcecode.swift; path = Coordinator.swift; sourceTree = "<group>"; };
		65C61B511F9DD99B002F87F6 /* NewsVC.swift */ = {isa = PBXFileReference; lastKnownFileType = sourcecode.swift; path = NewsVC.swift; sourceTree = "<group>"; };
		65C61B531F9DD9AA002F87F6 /* NewsVM.swift */ = {isa = PBXFileReference; lastKnownFileType = sourcecode.swift; path = NewsVM.swift; sourceTree = "<group>"; };
		65C61B551F9DD9B7002F87F6 /* NewsVMProtocol.swift */ = {isa = PBXFileReference; lastKnownFileType = sourcecode.swift; path = NewsVMProtocol.swift; sourceTree = "<group>"; };
		65C61B571F9DD9D4002F87F6 /* NewsView.swift */ = {isa = PBXFileReference; lastKnownFileType = sourcecode.swift; path = NewsView.swift; sourceTree = "<group>"; };
		65C61B591F9DD9DF002F87F6 /* NewsVC.storyboard */ = {isa = PBXFileReference; lastKnownFileType = file.storyboard; path = NewsVC.storyboard; sourceTree = "<group>"; };
		73330043857EE623A8A74A0F /* Pods-CryptocurrencyNews.release.xcconfig */ = {isa = PBXFileReference; includeInIndex = 1; lastKnownFileType = text.xcconfig; name = "Pods-CryptocurrencyNews.release.xcconfig"; path = "Pods/Target Support Files/Pods-CryptocurrencyNews/Pods-CryptocurrencyNews.release.xcconfig"; sourceTree = "<group>"; };
		C3FD0AD5C10F1F52E9DD5623 /* Pods_CryptocurrencyNews.framework */ = {isa = PBXFileReference; explicitFileType = wrapper.framework; includeInIndex = 0; path = Pods_CryptocurrencyNews.framework; sourceTree = BUILT_PRODUCTS_DIR; };
		F0B01F90C64BBAFB90DF5C52 /* Pods-CryptocurrencyNews.debug.xcconfig */ = {isa = PBXFileReference; includeInIndex = 1; lastKnownFileType = text.xcconfig; name = "Pods-CryptocurrencyNews.debug.xcconfig"; path = "Pods/Target Support Files/Pods-CryptocurrencyNews/Pods-CryptocurrencyNews.debug.xcconfig"; sourceTree = "<group>"; };
/* End PBXFileReference section */

/* Begin PBXFrameworksBuildPhase section */
		650120DC1F9DCA1200537214 /* Frameworks */ = {
			isa = PBXFrameworksBuildPhase;
			buildActionMask = 2147483647;
			files = (
				B38072ADA15D7A4A7C29FB77 /* Pods_CryptocurrencyNews.framework in Frameworks */,
			);
			runOnlyForDeploymentPostprocessing = 0;
		};
/* End PBXFrameworksBuildPhase section */

/* Begin PBXGroup section */
		650120D61F9DCA1200537214 = {
			isa = PBXGroup;
			children = (
				650120E11F9DCA1200537214 /* CryptocurrencyNews */,
				650120E01F9DCA1200537214 /* Products */,
				965376DD7F2C367537D9FEA6 /* Pods */,
				A1951FE77E4D2CABE89FC668 /* Frameworks */,
			);
			sourceTree = "<group>";
		};
		650120E01F9DCA1200537214 /* Products */ = {
			isa = PBXGroup;
			children = (
				650120DF1F9DCA1200537214 /* CryptocurrencyNews.app */,
			);
			name = Products;
			sourceTree = "<group>";
		};
		650120E11F9DCA1200537214 /* CryptocurrencyNews */ = {
			isa = PBXGroup;
			children = (
				65C61B411F9DCDF5002F87F6 /* Assets */,
				65C61B451F9DCE52002F87F6 /* Helpers */,
				65C61B431F9DCE2F002F87F6 /* Extensions */,
				65C61B421F9DCE1E002F87F6 /* Presentation */,
				650120E21F9DCA1200537214 /* AppDelegate.swift */,
				650120E91F9DCA1200537214 /* Assets.xcassets */,
				650120EB1F9DCA1200537214 /* LaunchScreen.storyboard */,
				650120EE1F9DCA1200537214 /* Info.plist */,
			);
			path = CryptocurrencyNews;
			sourceTree = "<group>";
		};
		655A751B1F9DDAD50011C2BE /* Information */ = {
			isa = PBXGroup;
			children = (
				655A751C1F9DDAF70011C2BE /* InformationVC.swift */,
				655A751E1F9DDB170011C2BE /* InformationVM.swift */,
				655A75201F9DDB2C0011C2BE /* InformationVMProtocol.swift */,
				655A75221F9DDB3E0011C2BE /* InformationView.swift */,
				654A7AD81F9DDD4E00F27A1D /* InformationVC.storyboard */,
			);
			path = Information;
			sourceTree = "<group>";
		};
		65C61B411F9DCDF5002F87F6 /* Assets */ = {
			isa = PBXGroup;
			children = (
				65C61B471F9DCF10002F87F6 /* Images.swift */,
				65C61B491F9DCF1B002F87F6 /* Colors.swift */,
			);
			path = Assets;
			sourceTree = "<group>";
		};
		65C61B421F9DCE1E002F87F6 /* Presentation */ = {
			isa = PBXGroup;
			children = (
				65C61B4F1F9DD989002F87F6 /* Screens */,
				65C61B441F9DCE3E002F87F6 /* Coordinators */,
			);
			path = Presentation;
			sourceTree = "<group>";
		};
		65C61B431F9DCE2F002F87F6 /* Extensions */ = {
			isa = PBXGroup;
			children = (
			);
			path = Extensions;
			sourceTree = "<group>";
		};
		65C61B441F9DCE3E002F87F6 /* Coordinators */ = {
			isa = PBXGroup;
			children = (
				65C61B4D1F9DCF6F002F87F6 /* Coordinator.swift */,
			);
			path = Coordinators;
			sourceTree = "<group>";
		};
		65C61B451F9DCE52002F87F6 /* Helpers */ = {
			isa = PBXGroup;
			children = (
				654A7ADC1F9E00D500F27A1D /* StoryboardComplatible.swift */,
			);
			path = Helpers;
			sourceTree = "<group>";
		};
		65C61B4F1F9DD989002F87F6 /* Screens */ = {
			isa = PBXGroup;
			children = (
				655A751B1F9DDAD50011C2BE /* Information */,
				65C61B501F9DD98E002F87F6 /* News */,
			);
			path = Screens;
			sourceTree = "<group>";
		};
		65C61B501F9DD98E002F87F6 /* News */ = {
			isa = PBXGroup;
			children = (
				65C61B511F9DD99B002F87F6 /* NewsVC.swift */,
				65C61B531F9DD9AA002F87F6 /* NewsVM.swift */,
				65C61B551F9DD9B7002F87F6 /* NewsVMProtocol.swift */,
				65C61B571F9DD9D4002F87F6 /* NewsView.swift */,
				65C61B591F9DD9DF002F87F6 /* NewsVC.storyboard */,
			);
			path = News;
			sourceTree = "<group>";
		};
		965376DD7F2C367537D9FEA6 /* Pods */ = {
			isa = PBXGroup;
			children = (
				F0B01F90C64BBAFB90DF5C52 /* Pods-CryptocurrencyNews.debug.xcconfig */,
				73330043857EE623A8A74A0F /* Pods-CryptocurrencyNews.release.xcconfig */,
			);
			name = Pods;
			sourceTree = "<group>";
		};
		A1951FE77E4D2CABE89FC668 /* Frameworks */ = {
			isa = PBXGroup;
			children = (
				C3FD0AD5C10F1F52E9DD5623 /* Pods_CryptocurrencyNews.framework */,
			);
			name = Frameworks;
			sourceTree = "<group>";
		};
/* End PBXGroup section */

/* Begin PBXNativeTarget section */
		650120DE1F9DCA1200537214 /* CryptocurrencyNews */ = {
			isa = PBXNativeTarget;
			buildConfigurationList = 650120F11F9DCA1200537214 /* Build configuration list for PBXNativeTarget "CryptocurrencyNews" */;
			buildPhases = (
				DE144322276D874AA9F54D67 /* [CP] Check Pods Manifest.lock */,
				650120DB1F9DCA1200537214 /* Sources */,
				650120DC1F9DCA1200537214 /* Frameworks */,
				650120DD1F9DCA1200537214 /* Resources */,
				F933D39AF8110FCA37B0CC50 /* [CP] Embed Pods Frameworks */,
				34F57615E712677F97133D9E /* [CP] Copy Pods Resources */,
			);
			buildRules = (
			);
			dependencies = (
			);
			name = CryptocurrencyNews;
			productName = CryptocurrencyNews;
			productReference = 650120DF1F9DCA1200537214 /* CryptocurrencyNews.app */;
			productType = "com.apple.product-type.application";
		};
/* End PBXNativeTarget section */

/* Begin PBXProject section */
		650120D71F9DCA1200537214 /* Project object */ = {
			isa = PBXProject;
			attributes = {
				LastSwiftUpdateCheck = 0900;
				LastUpgradeCheck = 0900;
				ORGANIZATIONNAME = "Kristijan Delivuk";
				TargetAttributes = {
					650120DE1F9DCA1200537214 = {
						CreatedOnToolsVersion = 9.0.1;
						ProvisioningStyle = Automatic;
					};
				};
			};
			buildConfigurationList = 650120DA1F9DCA1200537214 /* Build configuration list for PBXProject "CryptocurrencyNews" */;
			compatibilityVersion = "Xcode 8.0";
			developmentRegion = en;
			hasScannedForEncodings = 0;
			knownRegions = (
				en,
				Base,
			);
			mainGroup = 650120D61F9DCA1200537214;
			productRefGroup = 650120E01F9DCA1200537214 /* Products */;
			projectDirPath = "";
			projectRoot = "";
			targets = (
				650120DE1F9DCA1200537214 /* CryptocurrencyNews */,
			);
		};
/* End PBXProject section */

/* Begin PBXResourcesBuildPhase section */
		650120DD1F9DCA1200537214 /* Resources */ = {
			isa = PBXResourcesBuildPhase;
			buildActionMask = 2147483647;
			files = (
				650120ED1F9DCA1200537214 /* LaunchScreen.storyboard in Resources */,
				65C61B5A1F9DD9DF002F87F6 /* NewsVC.storyboard in Resources */,
				654A7AD91F9DDD4E00F27A1D /* InformationVC.storyboard in Resources */,
				650120EA1F9DCA1200537214 /* Assets.xcassets in Resources */,
			);
			runOnlyForDeploymentPostprocessing = 0;
		};
/* End PBXResourcesBuildPhase section */

/* Begin PBXShellScriptBuildPhase section */
		34F57615E712677F97133D9E /* [CP] Copy Pods Resources */ = {
			isa = PBXShellScriptBuildPhase;
			buildActionMask = 2147483647;
			files = (
			);
			inputPaths = (
			);
			name = "[CP] Copy Pods Resources";
			outputPaths = (
			);
			runOnlyForDeploymentPostprocessing = 0;
			shellPath = /bin/sh;
			shellScript = "\"${SRCROOT}/Pods/Target Support Files/Pods-CryptocurrencyNews/Pods-CryptocurrencyNews-resources.sh\"\n";
			showEnvVarsInLog = 0;
		};
		DE144322276D874AA9F54D67 /* [CP] Check Pods Manifest.lock */ = {
			isa = PBXShellScriptBuildPhase;
			buildActionMask = 2147483647;
			files = (
			);
			inputPaths = (
				"${PODS_PODFILE_DIR_PATH}/Podfile.lock",
				"${PODS_ROOT}/Manifest.lock",
			);
			name = "[CP] Check Pods Manifest.lock";
			outputPaths = (
				"$(DERIVED_FILE_DIR)/Pods-CryptocurrencyNews-checkManifestLockResult.txt",
			);
			runOnlyForDeploymentPostprocessing = 0;
			shellPath = /bin/sh;
			shellScript = "diff \"${PODS_PODFILE_DIR_PATH}/Podfile.lock\" \"${PODS_ROOT}/Manifest.lock\" > /dev/null\nif [ $? != 0 ] ; then\n    # print error to STDERR\n    echo \"error: The sandbox is not in sync with the Podfile.lock. Run 'pod install' or update your CocoaPods installation.\" >&2\n    exit 1\nfi\n# This output is used by Xcode 'outputs' to avoid re-running this script phase.\necho \"SUCCESS\" > \"${SCRIPT_OUTPUT_FILE_0}\"\n";
			showEnvVarsInLog = 0;
		};
		F933D39AF8110FCA37B0CC50 /* [CP] Embed Pods Frameworks */ = {
			isa = PBXShellScriptBuildPhase;
			buildActionMask = 2147483647;
			files = (
			);
			inputPaths = (
				"${SRCROOT}/Pods/Target Support Files/Pods-CryptocurrencyNews/Pods-CryptocurrencyNews-frameworks.sh",
				"${BUILT_PRODUCTS_DIR}/Alamofire/Alamofire.framework",
				"${BUILT_PRODUCTS_DIR}/RxCocoa/RxCocoa.framework",
				"${BUILT_PRODUCTS_DIR}/RxSwift/RxSwift.framework",
				"${BUILT_PRODUCTS_DIR}/SnapKit/SnapKit.framework",
			);
			name = "[CP] Embed Pods Frameworks";
			outputPaths = (
				"${TARGET_BUILD_DIR}/${FRAMEWORKS_FOLDER_PATH}/Alamofire.framework",
				"${TARGET_BUILD_DIR}/${FRAMEWORKS_FOLDER_PATH}/RxCocoa.framework",
				"${TARGET_BUILD_DIR}/${FRAMEWORKS_FOLDER_PATH}/RxSwift.framework",
				"${TARGET_BUILD_DIR}/${FRAMEWORKS_FOLDER_PATH}/SnapKit.framework",
			);
			runOnlyForDeploymentPostprocessing = 0;
			shellPath = /bin/sh;
			shellScript = "\"${SRCROOT}/Pods/Target Support Files/Pods-CryptocurrencyNews/Pods-CryptocurrencyNews-frameworks.sh\"\n";
			showEnvVarsInLog = 0;
		};
/* End PBXShellScriptBuildPhase section */

/* Begin PBXSourcesBuildPhase section */
		650120DB1F9DCA1200537214 /* Sources */ = {
			isa = PBXSourcesBuildPhase;
			buildActionMask = 2147483647;
			files = (
				65C61B561F9DD9B7002F87F6 /* NewsVMProtocol.swift in Sources */,
				655A751F1F9DDB170011C2BE /* InformationVM.swift in Sources */,
				65C61B581F9DD9D4002F87F6 /* NewsView.swift in Sources */,
				65C61B4E1F9DCF6F002F87F6 /* Coordinator.swift in Sources */,
				655A75211F9DDB2C0011C2BE /* InformationVMProtocol.swift in Sources */,
				650120E31F9DCA1200537214 /* AppDelegate.swift in Sources */,
				655A751D1F9DDAF70011C2BE /* InformationVC.swift in Sources */,
				65C61B4A1F9DCF1B002F87F6 /* Colors.swift in Sources */,
				65C61B481F9DCF10002F87F6 /* Images.swift in Sources */,
				655A75231F9DDB3E0011C2BE /* InformationView.swift in Sources */,
				654A7ADD1F9E00D500F27A1D /* StoryboardComplatible.swift in Sources */,
				65C61B521F9DD99B002F87F6 /* NewsVC.swift in Sources */,
				65C61B541F9DD9AA002F87F6 /* NewsVM.swift in Sources */,
			);
			runOnlyForDeploymentPostprocessing = 0;
		};
/* End PBXSourcesBuildPhase section */

/* Begin PBXVariantGroup section */
		650120EB1F9DCA1200537214 /* LaunchScreen.storyboard */ = {
			isa = PBXVariantGroup;
			children = (
				650120EC1F9DCA1200537214 /* Base */,
			);
			name = LaunchScreen.storyboard;
			sourceTree = "<group>";
		};
/* End PBXVariantGroup section */

/* Begin XCBuildConfiguration section */
		650120EF1F9DCA1200537214 /* Debug */ = {
			isa = XCBuildConfiguration;
			buildSettings = {
				ALWAYS_SEARCH_USER_PATHS = NO;
				CLANG_ANALYZER_NONNULL = YES;
				CLANG_ANALYZER_NUMBER_OBJECT_CONVERSION = YES_AGGRESSIVE;
				CLANG_CXX_LANGUAGE_STANDARD = "gnu++14";
				CLANG_CXX_LIBRARY = "libc++";
				CLANG_ENABLE_MODULES = YES;
				CLANG_ENABLE_OBJC_ARC = YES;
				CLANG_WARN_BLOCK_CAPTURE_AUTORELEASING = YES;
				CLANG_WARN_BOOL_CONVERSION = YES;
				CLANG_WARN_COMMA = YES;
				CLANG_WARN_CONSTANT_CONVERSION = YES;
				CLANG_WARN_DIRECT_OBJC_ISA_USAGE = YES_ERROR;
				CLANG_WARN_DOCUMENTATION_COMMENTS = YES;
				CLANG_WARN_EMPTY_BODY = YES;
				CLANG_WARN_ENUM_CONVERSION = YES;
				CLANG_WARN_INFINITE_RECURSION = YES;
				CLANG_WARN_INT_CONVERSION = YES;
				CLANG_WARN_NON_LITERAL_NULL_CONVERSION = YES;
				CLANG_WARN_OBJC_LITERAL_CONVERSION = YES;
				CLANG_WARN_OBJC_ROOT_CLASS = YES_ERROR;
				CLANG_WARN_RANGE_LOOP_ANALYSIS = YES;
				CLANG_WARN_STRICT_PROTOTYPES = YES;
				CLANG_WARN_SUSPICIOUS_MOVE = YES;
				CLANG_WARN_UNGUARDED_AVAILABILITY = YES_AGGRESSIVE;
				CLANG_WARN_UNREACHABLE_CODE = YES;
				CLANG_WARN__DUPLICATE_METHOD_MATCH = YES;
				CODE_SIGN_IDENTITY = "iPhone Developer";
				COPY_PHASE_STRIP = NO;
				DEBUG_INFORMATION_FORMAT = dwarf;
				ENABLE_STRICT_OBJC_MSGSEND = YES;
				ENABLE_TESTABILITY = YES;
				GCC_C_LANGUAGE_STANDARD = gnu11;
				GCC_DYNAMIC_NO_PIC = NO;
				GCC_NO_COMMON_BLOCKS = YES;
				GCC_OPTIMIZATION_LEVEL = 0;
				GCC_PREPROCESSOR_DEFINITIONS = (
					"DEBUG=1",
					"$(inherited)",
				);
				GCC_WARN_64_TO_32_BIT_CONVERSION = YES;
				GCC_WARN_ABOUT_RETURN_TYPE = YES_ERROR;
				GCC_WARN_UNDECLARED_SELECTOR = YES;
				GCC_WARN_UNINITIALIZED_AUTOS = YES_AGGRESSIVE;
				GCC_WARN_UNUSED_FUNCTION = YES;
				GCC_WARN_UNUSED_VARIABLE = YES;
				IPHONEOS_DEPLOYMENT_TARGET = 11.0;
				MTL_ENABLE_DEBUG_INFO = YES;
				ONLY_ACTIVE_ARCH = YES;
				SDKROOT = iphoneos;
				SWIFT_ACTIVE_COMPILATION_CONDITIONS = DEBUG;
				SWIFT_OPTIMIZATION_LEVEL = "-Onone";
			};
			name = Debug;
		};
		650120F01F9DCA1200537214 /* Release */ = {
			isa = XCBuildConfiguration;
			buildSettings = {
				ALWAYS_SEARCH_USER_PATHS = NO;
				CLANG_ANALYZER_NONNULL = YES;
				CLANG_ANALYZER_NUMBER_OBJECT_CONVERSION = YES_AGGRESSIVE;
				CLANG_CXX_LANGUAGE_STANDARD = "gnu++14";
				CLANG_CXX_LIBRARY = "libc++";
				CLANG_ENABLE_MODULES = YES;
				CLANG_ENABLE_OBJC_ARC = YES;
				CLANG_WARN_BLOCK_CAPTURE_AUTORELEASING = YES;
				CLANG_WARN_BOOL_CONVERSION = YES;
				CLANG_WARN_COMMA = YES;
				CLANG_WARN_CONSTANT_CONVERSION = YES;
				CLANG_WARN_DIRECT_OBJC_ISA_USAGE = YES_ERROR;
				CLANG_WARN_DOCUMENTATION_COMMENTS = YES;
				CLANG_WARN_EMPTY_BODY = YES;
				CLANG_WARN_ENUM_CONVERSION = YES;
				CLANG_WARN_INFINITE_RECURSION = YES;
				CLANG_WARN_INT_CONVERSION = YES;
				CLANG_WARN_NON_LITERAL_NULL_CONVERSION = YES;
				CLANG_WARN_OBJC_LITERAL_CONVERSION = YES;
				CLANG_WARN_OBJC_ROOT_CLASS = YES_ERROR;
				CLANG_WARN_RANGE_LOOP_ANALYSIS = YES;
				CLANG_WARN_STRICT_PROTOTYPES = YES;
				CLANG_WARN_SUSPICIOUS_MOVE = YES;
				CLANG_WARN_UNGUARDED_AVAILABILITY = YES_AGGRESSIVE;
				CLANG_WARN_UNREACHABLE_CODE = YES;
				CLANG_WARN__DUPLICATE_METHOD_MATCH = YES;
				CODE_SIGN_IDENTITY = "iPhone Developer";
				COPY_PHASE_STRIP = NO;
				DEBUG_INFORMATION_FORMAT = "dwarf-with-dsym";
				ENABLE_NS_ASSERTIONS = NO;
				ENABLE_STRICT_OBJC_MSGSEND = YES;
				GCC_C_LANGUAGE_STANDARD = gnu11;
				GCC_NO_COMMON_BLOCKS = YES;
				GCC_WARN_64_TO_32_BIT_CONVERSION = YES;
				GCC_WARN_ABOUT_RETURN_TYPE = YES_ERROR;
				GCC_WARN_UNDECLARED_SELECTOR = YES;
				GCC_WARN_UNINITIALIZED_AUTOS = YES_AGGRESSIVE;
				GCC_WARN_UNUSED_FUNCTION = YES;
				GCC_WARN_UNUSED_VARIABLE = YES;
				IPHONEOS_DEPLOYMENT_TARGET = 11.0;
				MTL_ENABLE_DEBUG_INFO = NO;
				SDKROOT = iphoneos;
				SWIFT_OPTIMIZATION_LEVEL = "-Owholemodule";
				VALIDATE_PRODUCT = YES;
			};
			name = Release;
		};
		650120F21F9DCA1200537214 /* Debug */ = {
			isa = XCBuildConfiguration;
			baseConfigurationReference = F0B01F90C64BBAFB90DF5C52 /* Pods-CryptocurrencyNews.debug.xcconfig */;
			buildSettings = {
				ASSETCATALOG_COMPILER_APPICON_NAME = AppIcon;
				CODE_SIGN_STYLE = Automatic;
				INFOPLIST_FILE = CryptocurrencyNews/Info.plist;
				LD_RUNPATH_SEARCH_PATHS = "$(inherited) @executable_path/Frameworks";
				PRODUCT_BUNDLE_IDENTIFIER = delivuk.kristijan.CryptocurrencyNews;
				PRODUCT_NAME = "$(TARGET_NAME)";
				SWIFT_VERSION = 4.0;
				TARGETED_DEVICE_FAMILY = 1;
			};
			name = Debug;
		};
		650120F31F9DCA1200537214 /* Release */ = {
			isa = XCBuildConfiguration;
			baseConfigurationReference = 73330043857EE623A8A74A0F /* Pods-CryptocurrencyNews.release.xcconfig */;
			buildSettings = {
				ASSETCATALOG_COMPILER_APPICON_NAME = AppIcon;
				CODE_SIGN_STYLE = Automatic;
				INFOPLIST_FILE = CryptocurrencyNews/Info.plist;
				LD_RUNPATH_SEARCH_PATHS = "$(inherited) @executable_path/Frameworks";
				PRODUCT_BUNDLE_IDENTIFIER = delivuk.kristijan.CryptocurrencyNews;
				PRODUCT_NAME = "$(TARGET_NAME)";
				SWIFT_VERSION = 4.0;
				TARGETED_DEVICE_FAMILY = 1;
			};
			name = Release;
		};
/* End XCBuildConfiguration section */

/* Begin XCConfigurationList section */
		650120DA1F9DCA1200537214 /* Build configuration list for PBXProject "CryptocurrencyNews" */ = {
			isa = XCConfigurationList;
			buildConfigurations = (
				650120EF1F9DCA1200537214 /* Debug */,
				650120F01F9DCA1200537214 /* Release */,
			);
			defaultConfigurationIsVisible = 0;
			defaultConfigurationName = Release;
		};
		650120F11F9DCA1200537214 /* Build configuration list for PBXNativeTarget "CryptocurrencyNews" */ = {
			isa = XCConfigurationList;
			buildConfigurations = (
				650120F21F9DCA1200537214 /* Debug */,
				650120F31F9DCA1200537214 /* Release */,
			);
			defaultConfigurationIsVisible = 0;
			defaultConfigurationName = Release;
		};
/* End XCConfigurationList section */
	};
	rootObject = 650120D71F9DCA1200537214 /* Project object */;
}
